// !$*UTF8*$!
{
	archiveVersion = 1;
	classes = {
	};
	objectVersion = 48;
	objects = {

/* Begin PBXBuildFile section */
		D420DB9620CE631E0080C931 /* UIButtonViewController.m in Sources */ = {isa = PBXBuildFile; fileRef = D420DB9520CE631E0080C931 /* UIButtonViewController.m */; };
		D420DB9C20CE74BC0080C931 /* ZPButton.m in Sources */ = {isa = PBXBuildFile; fileRef = D420DB9B20CE74BC0080C931 /* ZPButton.m */; };
		D423655E20A8231D00FFFD9E /* AppDelegate.m in Sources */ = {isa = PBXBuildFile; fileRef = D423655D20A8231D00FFFD9E /* AppDelegate.m */; };
		D423656120A8231D00FFFD9E /* ViewController.m in Sources */ = {isa = PBXBuildFile; fileRef = D423656020A8231D00FFFD9E /* ViewController.m */; };
		D423656420A8231D00FFFD9E /* Main.storyboard in Resources */ = {isa = PBXBuildFile; fileRef = D423656220A8231D00FFFD9E /* Main.storyboard */; };
		D423656620A8231D00FFFD9E /* Assets.xcassets in Resources */ = {isa = PBXBuildFile; fileRef = D423656520A8231D00FFFD9E /* Assets.xcassets */; };
		D423656920A8231D00FFFD9E /* LaunchScreen.storyboard in Resources */ = {isa = PBXBuildFile; fileRef = D423656720A8231D00FFFD9E /* LaunchScreen.storyboard */; };
		D423656C20A8231D00FFFD9E /* main.m in Sources */ = {isa = PBXBuildFile; fileRef = D423656B20A8231D00FFFD9E /* main.m */; };
		D423657520A8258F00FFFD9E /* SectionList.plist in Resources */ = {isa = PBXBuildFile; fileRef = D423657420A8258F00FFFD9E /* SectionList.plist */; };
		D423657820A826FF00FFFD9E /* KnowledgeModel.m in Sources */ = {isa = PBXBuildFile; fileRef = D423657720A826FF00FFFD9E /* KnowledgeModel.m */; };
		D423657B20A8296800FFFD9E /* SectionModel.m in Sources */ = {isa = PBXBuildFile; fileRef = D423657A20A8296800FFFD9E /* SectionModel.m */; };
		D423657E20A82A9600FFFD9E /* MainTableViewCell.m in Sources */ = {isa = PBXBuildFile; fileRef = D423657D20A82A9600FFFD9E /* MainTableViewCell.m */; };
		D423659B20A8315C00FFFD9E /* MASCompositeConstraint.m in Sources */ = {isa = PBXBuildFile; fileRef = D423658320A8315C00FFFD9E /* MASCompositeConstraint.m */; };
		D423659C20A8315C00FFFD9E /* MASConstraint.m in Sources */ = {isa = PBXBuildFile; fileRef = D423658620A8315C00FFFD9E /* MASConstraint.m */; };
		D423659D20A8315C00FFFD9E /* MASConstraintMaker.m in Sources */ = {isa = PBXBuildFile; fileRef = D423658820A8315C00FFFD9E /* MASConstraintMaker.m */; };
		D423659E20A8315C00FFFD9E /* MASLayoutConstraint.m in Sources */ = {isa = PBXBuildFile; fileRef = D423658A20A8315C00FFFD9E /* MASLayoutConstraint.m */; };
		D423659F20A8315C00FFFD9E /* MASViewAttribute.m in Sources */ = {isa = PBXBuildFile; fileRef = D423658E20A8315C00FFFD9E /* MASViewAttribute.m */; };
		D42365A020A8315C00FFFD9E /* MASViewConstraint.m in Sources */ = {isa = PBXBuildFile; fileRef = D423659020A8315C00FFFD9E /* MASViewConstraint.m */; };
		D42365A120A8315C00FFFD9E /* NSArray+MASAdditions.m in Sources */ = {isa = PBXBuildFile; fileRef = D423659220A8315C00FFFD9E /* NSArray+MASAdditions.m */; };
		D42365A220A8315C00FFFD9E /* NSLayoutConstraint+MASDebugAdditions.m in Sources */ = {isa = PBXBuildFile; fileRef = D423659520A8315C00FFFD9E /* NSLayoutConstraint+MASDebugAdditions.m */; };
		D42365A320A8315C00FFFD9E /* View+MASAdditions.m in Sources */ = {isa = PBXBuildFile; fileRef = D423659720A8315C00FFFD9E /* View+MASAdditions.m */; };
		D42365A420A8315C00FFFD9E /* ViewController+MASAdditions.m in Sources */ = {isa = PBXBuildFile; fileRef = D423659A20A8315C00FFFD9E /* ViewController+MASAdditions.m */; };
		D42365AC20A8849900FFFD9E /* NSString+Size.m in Sources */ = {isa = PBXBuildFile; fileRef = D42365AB20A8849900FFFD9E /* NSString+Size.m */; };
		D42365B220A8971200FFFD9E /* UIColor+Custom.m in Sources */ = {isa = PBXBuildFile; fileRef = D42365B120A8971200FFFD9E /* UIColor+Custom.m */; };
		D42365B620A9DDEF00FFFD9E /* iOSNotificationViewController.m in Sources */ = {isa = PBXBuildFile; fileRef = D42365B520A9DDEF00FFFD9E /* iOSNotificationViewController.m */; };
		D42365BA20B701C700FFFD9E /* ZPURLSessionViewController.m in Sources */ = {isa = PBXBuildFile; fileRef = D42365B920B701C700FFFD9E /* ZPURLSessionViewController.m */; };
		D436843920E39BC40082BC58 /* ZPTestsGestureRecognizerViewController.m in Sources */ = {isa = PBXBuildFile; fileRef = D436843720E39BC40082BC58 /* ZPTestsGestureRecognizerViewController.m */; };
		D436843A20E39BCF0082BC58 /* ZPTestsGestureRecognizerViewController.m in Sources */ = {isa = PBXBuildFile; fileRef = D436843720E39BC40082BC58 /* ZPTestsGestureRecognizerViewController.m */; };
		D43D1BD320E3324100B776D6 /* ZPTestGestureRecognizerViewController.m in Sources */ = {isa = PBXBuildFile; fileRef = D43D1BD220E3324100B776D6 /* ZPTestGestureRecognizerViewController.m */; };
		D43D1BD920E3394500B776D6 /* UIGestureRecognizer+Name.m in Sources */ = {isa = PBXBuildFile; fileRef = D43D1BD820E3394500B776D6 /* UIGestureRecognizer+Name.m */; };
		D43D1BDC20E35F0B00B776D6 /* JFDefaultSkin.m in Sources */ = {isa = PBXBuildFile; fileRef = D489967120D8AEAE00E71DCA /* JFDefaultSkin.m */; };
		D43D1BDD20E35F0B00B776D6 /* MASConstraint.m in Sources */ = {isa = PBXBuildFile; fileRef = D423658620A8315C00FFFD9E /* MASConstraint.m */; };
		D43D1BDE20E35F0B00B776D6 /* MASViewAttribute.m in Sources */ = {isa = PBXBuildFile; fileRef = D423658E20A8315C00FFFD9E /* MASViewAttribute.m */; };
		D43D1BDF20E35F0B00B776D6 /* ZPGestureRecognizerViewController.m in Sources */ = {isa = PBXBuildFile; fileRef = D489966C20D8AD9600E71DCA /* ZPGestureRecognizerViewController.m */; };
		D43D1BE020E35F0B00B776D6 /* ViewController+MASAdditions.m in Sources */ = {isa = PBXBuildFile; fileRef = D423659A20A8315C00FFFD9E /* ViewController+MASAdditions.m */; };
		D43D1BE120E35F0B00B776D6 /* NSArray+MASAdditions.m in Sources */ = {isa = PBXBuildFile; fileRef = D423659220A8315C00FFFD9E /* NSArray+MASAdditions.m */; };
		D43D1BE220E35F0B00B776D6 /* MainTableViewCell.m in Sources */ = {isa = PBXBuildFile; fileRef = D423657D20A82A9600FFFD9E /* MainTableViewCell.m */; };
		D43D1BE320E35F0B00B776D6 /* JFSkinModel.m in Sources */ = {isa = PBXBuildFile; fileRef = D489967520D8AEAE00E71DCA /* JFSkinModel.m */; };
		D43D1BE420E35F0B00B776D6 /* ZPButton.m in Sources */ = {isa = PBXBuildFile; fileRef = D420DB9B20CE74BC0080C931 /* ZPButton.m */; };
		D43D1BE520E35F0B00B776D6 /* ZPWKWebViewController.m in Sources */ = {isa = PBXBuildFile; fileRef = D4D5496320D23B8E007E32B3 /* ZPWKWebViewController.m */; };
		D43D1BE620E35F0B00B776D6 /* JFGestureListModel.m in Sources */ = {isa = PBXBuildFile; fileRef = D489967D20D8B1FD00E71DCA /* JFGestureListModel.m */; };
		D43D1BE720E35F0B00B776D6 /* UIButtonViewController.m in Sources */ = {isa = PBXBuildFile; fileRef = D420DB9520CE631E0080C931 /* UIButtonViewController.m */; };
		D43D1BE820E35F0B00B776D6 /* MASViewConstraint.m in Sources */ = {isa = PBXBuildFile; fileRef = D423659020A8315C00FFFD9E /* MASViewConstraint.m */; };
		D43D1BE920E35F0B00B776D6 /* MASLayoutConstraint.m in Sources */ = {isa = PBXBuildFile; fileRef = D423658A20A8315C00FFFD9E /* MASLayoutConstraint.m */; };
		D43D1BEA20E35F0B00B776D6 /* SectionModel.m in Sources */ = {isa = PBXBuildFile; fileRef = D423657A20A8296800FFFD9E /* SectionModel.m */; };
		D43D1BEB20E35F0B00B776D6 /* JFSKinManager.m in Sources */ = {isa = PBXBuildFile; fileRef = D489967320D8AEAE00E71DCA /* JFSKinManager.m */; };
		D43D1BEC20E35F0B00B776D6 /* KnowledgeModel.m in Sources */ = {isa = PBXBuildFile; fileRef = D423657720A826FF00FFFD9E /* KnowledgeModel.m */; };
		D43D1BED20E35F0B00B776D6 /* View+MASAdditions.m in Sources */ = {isa = PBXBuildFile; fileRef = D423659720A8315C00FFFD9E /* View+MASAdditions.m */; };
		D43D1BEE20E35F0B00B776D6 /* NSString+Size.m in Sources */ = {isa = PBXBuildFile; fileRef = D42365AB20A8849900FFFD9E /* NSString+Size.m */; };
		D43D1BEF20E35F0B00B776D6 /* ZPURLSessionViewController.m in Sources */ = {isa = PBXBuildFile; fileRef = D42365B920B701C700FFFD9E /* ZPURLSessionViewController.m */; };
		D43D1BF020E35F0B00B776D6 /* iOSNotificationViewController.m in Sources */ = {isa = PBXBuildFile; fileRef = D42365B520A9DDEF00FFFD9E /* iOSNotificationViewController.m */; };
		D43D1BF120E35F0B00B776D6 /* UIGestureRecognizer+Name.m in Sources */ = {isa = PBXBuildFile; fileRef = D43D1BD820E3394500B776D6 /* UIGestureRecognizer+Name.m */; };
		D43D1BF220E35F0B00B776D6 /* MASCompositeConstraint.m in Sources */ = {isa = PBXBuildFile; fileRef = D423658320A8315C00FFFD9E /* MASCompositeConstraint.m */; };
		D43D1BF320E35F0B00B776D6 /* NSLayoutConstraint+MASDebugAdditions.m in Sources */ = {isa = PBXBuildFile; fileRef = D423659520A8315C00FFFD9E /* NSLayoutConstraint+MASDebugAdditions.m */; };
		D43D1BF420E35F0B00B776D6 /* MASConstraintMaker.m in Sources */ = {isa = PBXBuildFile; fileRef = D423658820A8315C00FFFD9E /* MASConstraintMaker.m */; };
		D43D1BF520E35F0B00B776D6 /* ViewController.m in Sources */ = {isa = PBXBuildFile; fileRef = D423656020A8231D00FFFD9E /* ViewController.m */; };
		D43D1BF620E35F0B00B776D6 /* ZPTestGestureRecognizerViewController.m in Sources */ = {isa = PBXBuildFile; fileRef = D43D1BD220E3324100B776D6 /* ZPTestGestureRecognizerViewController.m */; };
		D43D1BF720E35F0B00B776D6 /* main.m in Sources */ = {isa = PBXBuildFile; fileRef = D423656B20A8231D00FFFD9E /* main.m */; };
		D43D1BF820E35F0B00B776D6 /* UIColor+Custom.m in Sources */ = {isa = PBXBuildFile; fileRef = D42365B120A8971200FFFD9E /* UIColor+Custom.m */; };
		D43D1BF920E35F0B00B776D6 /* AppDelegate.m in Sources */ = {isa = PBXBuildFile; fileRef = D423655D20A8231D00FFFD9E /* AppDelegate.m */; };
		D43D1BFE20E35F0B00B776D6 /* LaunchScreen.storyboard in Resources */ = {isa = PBXBuildFile; fileRef = D423656720A8231D00FFFD9E /* LaunchScreen.storyboard */; };
		D43D1BFF20E35F0B00B776D6 /* SectionList.plist in Resources */ = {isa = PBXBuildFile; fileRef = D423657420A8258F00FFFD9E /* SectionList.plist */; };
		D43D1C0020E35F0B00B776D6 /* Assets.xcassets in Resources */ = {isa = PBXBuildFile; fileRef = D423656520A8231D00FFFD9E /* Assets.xcassets */; };
		D43D1C0120E35F0B00B776D6 /* Main.storyboard in Resources */ = {isa = PBXBuildFile; fileRef = D423656220A8231D00FFFD9E /* Main.storyboard */; };
		D43D1C0220E35F0B00B776D6 /* iOSDemoiPad-info.plist in Resources */ = {isa = PBXBuildFile; fileRef = D48EE1F020DAB08600356465 /* iOSDemoiPad-info.plist */; };
		D489966D20D8AD9700E71DCA /* ZPGestureRecognizerViewController.m in Sources */ = {isa = PBXBuildFile; fileRef = D489966C20D8AD9600E71DCA /* ZPGestureRecognizerViewController.m */; };
		D489967620D8AEAF00E71DCA /* JFDefaultSkin.m in Sources */ = {isa = PBXBuildFile; fileRef = D489967120D8AEAE00E71DCA /* JFDefaultSkin.m */; };
		D489967720D8AEAF00E71DCA /* JFSKinManager.m in Sources */ = {isa = PBXBuildFile; fileRef = D489967320D8AEAE00E71DCA /* JFSKinManager.m */; };
		D489967820D8AEAF00E71DCA /* JFSkinModel.m in Sources */ = {isa = PBXBuildFile; fileRef = D489967520D8AEAE00E71DCA /* JFSkinModel.m */; };
		D489967E20D8B1FD00E71DCA /* JFGestureListModel.m in Sources */ = {isa = PBXBuildFile; fileRef = D489967D20D8B1FD00E71DCA /* JFGestureListModel.m */; };
		D48EE14220DAAF7A00356465 /* JFDefaultSkin.m in Sources */ = {isa = PBXBuildFile; fileRef = D489967120D8AEAE00E71DCA /* JFDefaultSkin.m */; };
		D48EE14320DAAF7A00356465 /* MASConstraint.m in Sources */ = {isa = PBXBuildFile; fileRef = D423658620A8315C00FFFD9E /* MASConstraint.m */; };
		D48EE14420DAAF7A00356465 /* MASViewAttribute.m in Sources */ = {isa = PBXBuildFile; fileRef = D423658E20A8315C00FFFD9E /* MASViewAttribute.m */; };
		D48EE14520DAAF7A00356465 /* ZPGestureRecognizerViewController.m in Sources */ = {isa = PBXBuildFile; fileRef = D489966C20D8AD9600E71DCA /* ZPGestureRecognizerViewController.m */; };
		D48EE14720DAAF7A00356465 /* ViewController+MASAdditions.m in Sources */ = {isa = PBXBuildFile; fileRef = D423659A20A8315C00FFFD9E /* ViewController+MASAdditions.m */; };
		D48EE14820DAAF7A00356465 /* NSArray+MASAdditions.m in Sources */ = {isa = PBXBuildFile; fileRef = D423659220A8315C00FFFD9E /* NSArray+MASAdditions.m */; };
		D48EE14920DAAF7A00356465 /* MainTableViewCell.m in Sources */ = {isa = PBXBuildFile; fileRef = D423657D20A82A9600FFFD9E /* MainTableViewCell.m */; };
		D48EE14A20DAAF7A00356465 /* JFSkinModel.m in Sources */ = {isa = PBXBuildFile; fileRef = D489967520D8AEAE00E71DCA /* JFSkinModel.m */; };
		D48EE14B20DAAF7A00356465 /* ZPButton.m in Sources */ = {isa = PBXBuildFile; fileRef = D420DB9B20CE74BC0080C931 /* ZPButton.m */; };
		D48EE14C20DAAF7A00356465 /* ZPWKWebViewController.m in Sources */ = {isa = PBXBuildFile; fileRef = D4D5496320D23B8E007E32B3 /* ZPWKWebViewController.m */; };
		D48EE14D20DAAF7A00356465 /* JFGestureListModel.m in Sources */ = {isa = PBXBuildFile; fileRef = D489967D20D8B1FD00E71DCA /* JFGestureListModel.m */; };
		D48EE14E20DAAF7A00356465 /* UIButtonViewController.m in Sources */ = {isa = PBXBuildFile; fileRef = D420DB9520CE631E0080C931 /* UIButtonViewController.m */; };
		D48EE14F20DAAF7A00356465 /* MASViewConstraint.m in Sources */ = {isa = PBXBuildFile; fileRef = D423659020A8315C00FFFD9E /* MASViewConstraint.m */; };
		D48EE15120DAAF7A00356465 /* MASLayoutConstraint.m in Sources */ = {isa = PBXBuildFile; fileRef = D423658A20A8315C00FFFD9E /* MASLayoutConstraint.m */; };
		D48EE15220DAAF7A00356465 /* SectionModel.m in Sources */ = {isa = PBXBuildFile; fileRef = D423657A20A8296800FFFD9E /* SectionModel.m */; };
		D48EE15320DAAF7A00356465 /* JFSKinManager.m in Sources */ = {isa = PBXBuildFile; fileRef = D489967320D8AEAE00E71DCA /* JFSKinManager.m */; };
		D48EE15420DAAF7A00356465 /* KnowledgeModel.m in Sources */ = {isa = PBXBuildFile; fileRef = D423657720A826FF00FFFD9E /* KnowledgeModel.m */; };
		D48EE15520DAAF7A00356465 /* View+MASAdditions.m in Sources */ = {isa = PBXBuildFile; fileRef = D423659720A8315C00FFFD9E /* View+MASAdditions.m */; };
		D48EE15620DAAF7A00356465 /* NSString+Size.m in Sources */ = {isa = PBXBuildFile; fileRef = D42365AB20A8849900FFFD9E /* NSString+Size.m */; };
		D48EE15820DAAF7A00356465 /* ZPURLSessionViewController.m in Sources */ = {isa = PBXBuildFile; fileRef = D42365B920B701C700FFFD9E /* ZPURLSessionViewController.m */; };
		D48EE15920DAAF7A00356465 /* iOSNotificationViewController.m in Sources */ = {isa = PBXBuildFile; fileRef = D42365B520A9DDEF00FFFD9E /* iOSNotificationViewController.m */; };
		D48EE15A20DAAF7A00356465 /* MASCompositeConstraint.m in Sources */ = {isa = PBXBuildFile; fileRef = D423658320A8315C00FFFD9E /* MASCompositeConstraint.m */; };
		D48EE15B20DAAF7A00356465 /* NSLayoutConstraint+MASDebugAdditions.m in Sources */ = {isa = PBXBuildFile; fileRef = D423659520A8315C00FFFD9E /* NSLayoutConstraint+MASDebugAdditions.m */; };
		D48EE15C20DAAF7A00356465 /* MASConstraintMaker.m in Sources */ = {isa = PBXBuildFile; fileRef = D423658820A8315C00FFFD9E /* MASConstraintMaker.m */; };
		D48EE15D20DAAF7A00356465 /* ViewController.m in Sources */ = {isa = PBXBuildFile; fileRef = D423656020A8231D00FFFD9E /* ViewController.m */; };
		D48EE15E20DAAF7A00356465 /* main.m in Sources */ = {isa = PBXBuildFile; fileRef = D423656B20A8231D00FFFD9E /* main.m */; };
		D48EE15F20DAAF7A00356465 /* UIColor+Custom.m in Sources */ = {isa = PBXBuildFile; fileRef = D42365B120A8971200FFFD9E /* UIColor+Custom.m */; };
		D48EE16320DAAF7A00356465 /* LaunchScreen.storyboard in Resources */ = {isa = PBXBuildFile; fileRef = D423656720A8231D00FFFD9E /* LaunchScreen.storyboard */; };
		D48EE16520DAAF7A00356465 /* SectionList.plist in Resources */ = {isa = PBXBuildFile; fileRef = D423657420A8258F00FFFD9E /* SectionList.plist */; };
		D48EE16620DAAF7A00356465 /* Assets.xcassets in Resources */ = {isa = PBXBuildFile; fileRef = D423656520A8231D00FFFD9E /* Assets.xcassets */; };
		D48EE16720DAAF7A00356465 /* Main.storyboard in Resources */ = {isa = PBXBuildFile; fileRef = D423656220A8231D00FFFD9E /* Main.storyboard */; };
		D48EE1F120DAB08600356465 /* iOSDemoiPad-info.plist in Resources */ = {isa = PBXBuildFile; fileRef = D48EE1F020DAB08600356465 /* iOSDemoiPad-info.plist */; };
		D4A2641420DCE41600E778B3 /* AppDelegate.m in Sources */ = {isa = PBXBuildFile; fileRef = D423655D20A8231D00FFFD9E /* AppDelegate.m */; };
		D4CC6D5920E4857100D5B059 /* ZPPanGestureTest1ViewController.m in Sources */ = {isa = PBXBuildFile; fileRef = D4CC6D5820E4857100D5B059 /* ZPPanGestureTest1ViewController.m */; };
		D4CC6D5E20E4895100D5B059 /* libAFile.a in Frameworks */ = {isa = PBXBuildFile; fileRef = D4CC6D6020E4895100D5B059 /* libAFile.a */; };
		D4CC6D5F20E4895100D5B059 /* Otherframework.framework in Frameworks */ = {isa = PBXBuildFile; fileRef = D4CC6D6120E4895100D5B059 /* Otherframework.framework */; };
		D4CC6D6620E48B1E00D5B059 /* ZPPanGestureTest1ViewController.m in Sources */ = {isa = PBXBuildFile; fileRef = D4CC6D5820E4857100D5B059 /* ZPPanGestureTest1ViewController.m */; };
		D4CC6D6D20E4AAC400D5B059 /* UIRotationGestureViewController.m in Sources */ = {isa = PBXBuildFile; fileRef = D4CC6D6C20E4AAC400D5B059 /* UIRotationGestureViewController.m */; };
		D4CC6D6E20E4AE1C00D5B059 /* UIRotationGestureViewController.m in Sources */ = {isa = PBXBuildFile; fileRef = D4CC6D6C20E4AAC400D5B059 /* UIRotationGestureViewController.m */; };
		D4D5496420D23B8E007E32B3 /* ZPWKWebViewController.m in Sources */ = {isa = PBXBuildFile; fileRef = D4D5496320D23B8E007E32B3 /* ZPWKWebViewController.m */; };
/* End PBXBuildFile section */

/* Begin PBXCopyFilesBuildPhase section */
		D43D1C0320E35F0B00B776D6 /* Embed App Extensions */ = {
			isa = PBXCopyFilesBuildPhase;
			buildActionMask = 2147483647;
			dstPath = "";
			dstSubfolderSpec = 13;
			files = (
			);
			name = "Embed App Extensions";
			runOnlyForDeploymentPostprocessing = 0;
		};
		D43D1C0420E35F0B00B776D6 /* Embed Frameworks */ = {
			isa = PBXCopyFilesBuildPhase;
			buildActionMask = 2147483647;
			dstPath = "";
			dstSubfolderSpec = 10;
			files = (
			);
			name = "Embed Frameworks";
			runOnlyForDeploymentPostprocessing = 0;
		};
		D48EE08D20DAA95900356465 /* Embed App Extensions */ = {
			isa = PBXCopyFilesBuildPhase;
			buildActionMask = 2147483647;
			dstPath = "";
			dstSubfolderSpec = 13;
			files = (
			);
			name = "Embed App Extensions";
			runOnlyForDeploymentPostprocessing = 0;
		};
		D48EE16820DAAF7A00356465 /* Embed App Extensions */ = {
			isa = PBXCopyFilesBuildPhase;
			buildActionMask = 2147483647;
			dstPath = "";
			dstSubfolderSpec = 13;
			files = (
			);
			name = "Embed App Extensions";
			runOnlyForDeploymentPostprocessing = 0;
		};
		D4D544D220E0FBFD00CCF5A2 /* Embed Frameworks */ = {
			isa = PBXCopyFilesBuildPhase;
			buildActionMask = 2147483647;
			dstPath = "";
			dstSubfolderSpec = 10;
			files = (
			);
			name = "Embed Frameworks";
			runOnlyForDeploymentPostprocessing = 0;
		};
		D4EC3ED820E085A900CDB096 /* Embed Frameworks */ = {
			isa = PBXCopyFilesBuildPhase;
			buildActionMask = 2147483647;
			dstPath = "";
			dstSubfolderSpec = 10;
			files = (
			);
			name = "Embed Frameworks";
			runOnlyForDeploymentPostprocessing = 0;
		};
/* End PBXCopyFilesBuildPhase section */

/* Begin PBXFileReference section */
		D420DB9420CE631E0080C931 /* UIButtonViewController.h */ = {isa = PBXFileReference; lastKnownFileType = sourcecode.c.h; path = UIButtonViewController.h; sourceTree = "<group>"; };
		D420DB9520CE631E0080C931 /* UIButtonViewController.m */ = {isa = PBXFileReference; lastKnownFileType = sourcecode.c.objc; path = UIButtonViewController.m; sourceTree = "<group>"; };
		D420DB9A20CE74BC0080C931 /* ZPButton.h */ = {isa = PBXFileReference; lastKnownFileType = sourcecode.c.h; path = ZPButton.h; sourceTree = "<group>"; };
		D420DB9B20CE74BC0080C931 /* ZPButton.m */ = {isa = PBXFileReference; lastKnownFileType = sourcecode.c.objc; path = ZPButton.m; sourceTree = "<group>"; };
		D423655920A8231D00FFFD9E /* iOSDemoiPhone.app */ = {isa = PBXFileReference; explicitFileType = wrapper.application; includeInIndex = 0; path = iOSDemoiPhone.app; sourceTree = BUILT_PRODUCTS_DIR; };
		D423655C20A8231D00FFFD9E /* AppDelegate.h */ = {isa = PBXFileReference; lastKnownFileType = sourcecode.c.h; path = AppDelegate.h; sourceTree = "<group>"; };
		D423655D20A8231D00FFFD9E /* AppDelegate.m */ = {isa = PBXFileReference; lastKnownFileType = sourcecode.c.objc; path = AppDelegate.m; sourceTree = "<group>"; };
		D423655F20A8231D00FFFD9E /* ViewController.h */ = {isa = PBXFileReference; lastKnownFileType = sourcecode.c.h; path = ViewController.h; sourceTree = "<group>"; };
		D423656020A8231D00FFFD9E /* ViewController.m */ = {isa = PBXFileReference; lastKnownFileType = sourcecode.c.objc; path = ViewController.m; sourceTree = "<group>"; };
		D423656320A8231D00FFFD9E /* Base */ = {isa = PBXFileReference; lastKnownFileType = file.storyboard; name = Base; path = Base.lproj/Main.storyboard; sourceTree = "<group>"; };
		D423656520A8231D00FFFD9E /* Assets.xcassets */ = {isa = PBXFileReference; lastKnownFileType = folder.assetcatalog; path = Assets.xcassets; sourceTree = "<group>"; };
		D423656820A8231D00FFFD9E /* Base */ = {isa = PBXFileReference; lastKnownFileType = file.storyboard; name = Base; path = Base.lproj/LaunchScreen.storyboard; sourceTree = "<group>"; };
		D423656A20A8231D00FFFD9E /* Info.plist */ = {isa = PBXFileReference; lastKnownFileType = text.plist.xml; path = Info.plist; sourceTree = "<group>"; };
		D423656B20A8231D00FFFD9E /* main.m */ = {isa = PBXFileReference; lastKnownFileType = sourcecode.c.objc; path = main.m; sourceTree = "<group>"; };
		D423657420A8258F00FFFD9E /* SectionList.plist */ = {isa = PBXFileReference; lastKnownFileType = text.plist.xml; path = SectionList.plist; sourceTree = "<group>"; };
		D423657620A826FF00FFFD9E /* KnowledgeModel.h */ = {isa = PBXFileReference; lastKnownFileType = sourcecode.c.h; path = KnowledgeModel.h; sourceTree = "<group>"; };
		D423657720A826FF00FFFD9E /* KnowledgeModel.m */ = {isa = PBXFileReference; lastKnownFileType = sourcecode.c.objc; path = KnowledgeModel.m; sourceTree = "<group>"; };
		D423657920A8296800FFFD9E /* SectionModel.h */ = {isa = PBXFileReference; lastKnownFileType = sourcecode.c.h; path = SectionModel.h; sourceTree = "<group>"; };
		D423657A20A8296800FFFD9E /* SectionModel.m */ = {isa = PBXFileReference; lastKnownFileType = sourcecode.c.objc; path = SectionModel.m; sourceTree = "<group>"; };
		D423657C20A82A9600FFFD9E /* MainTableViewCell.h */ = {isa = PBXFileReference; lastKnownFileType = sourcecode.c.h; path = MainTableViewCell.h; sourceTree = "<group>"; };
		D423657D20A82A9600FFFD9E /* MainTableViewCell.m */ = {isa = PBXFileReference; lastKnownFileType = sourcecode.c.objc; path = MainTableViewCell.m; sourceTree = "<group>"; };
		D423658220A8315C00FFFD9E /* MASCompositeConstraint.h */ = {isa = PBXFileReference; fileEncoding = 4; lastKnownFileType = sourcecode.c.h; path = MASCompositeConstraint.h; sourceTree = "<group>"; };
		D423658320A8315C00FFFD9E /* MASCompositeConstraint.m */ = {isa = PBXFileReference; fileEncoding = 4; lastKnownFileType = sourcecode.c.objc; path = MASCompositeConstraint.m; sourceTree = "<group>"; };
		D423658420A8315C00FFFD9E /* MASConstraint+Private.h */ = {isa = PBXFileReference; fileEncoding = 4; lastKnownFileType = sourcecode.c.h; path = "MASConstraint+Private.h"; sourceTree = "<group>"; };
		D423658520A8315C00FFFD9E /* MASConstraint.h */ = {isa = PBXFileReference; fileEncoding = 4; lastKnownFileType = sourcecode.c.h; path = MASConstraint.h; sourceTree = "<group>"; };
		D423658620A8315C00FFFD9E /* MASConstraint.m */ = {isa = PBXFileReference; fileEncoding = 4; lastKnownFileType = sourcecode.c.objc; path = MASConstraint.m; sourceTree = "<group>"; };
		D423658720A8315C00FFFD9E /* MASConstraintMaker.h */ = {isa = PBXFileReference; fileEncoding = 4; lastKnownFileType = sourcecode.c.h; path = MASConstraintMaker.h; sourceTree = "<group>"; };
		D423658820A8315C00FFFD9E /* MASConstraintMaker.m */ = {isa = PBXFileReference; fileEncoding = 4; lastKnownFileType = sourcecode.c.objc; path = MASConstraintMaker.m; sourceTree = "<group>"; };
		D423658920A8315C00FFFD9E /* MASLayoutConstraint.h */ = {isa = PBXFileReference; fileEncoding = 4; lastKnownFileType = sourcecode.c.h; path = MASLayoutConstraint.h; sourceTree = "<group>"; };
		D423658A20A8315C00FFFD9E /* MASLayoutConstraint.m */ = {isa = PBXFileReference; fileEncoding = 4; lastKnownFileType = sourcecode.c.objc; path = MASLayoutConstraint.m; sourceTree = "<group>"; };
		D423658B20A8315C00FFFD9E /* Masonry.h */ = {isa = PBXFileReference; fileEncoding = 4; lastKnownFileType = sourcecode.c.h; path = Masonry.h; sourceTree = "<group>"; };
		D423658C20A8315C00FFFD9E /* MASUtilities.h */ = {isa = PBXFileReference; fileEncoding = 4; lastKnownFileType = sourcecode.c.h; path = MASUtilities.h; sourceTree = "<group>"; };
		D423658D20A8315C00FFFD9E /* MASViewAttribute.h */ = {isa = PBXFileReference; fileEncoding = 4; lastKnownFileType = sourcecode.c.h; path = MASViewAttribute.h; sourceTree = "<group>"; };
		D423658E20A8315C00FFFD9E /* MASViewAttribute.m */ = {isa = PBXFileReference; fileEncoding = 4; lastKnownFileType = sourcecode.c.objc; path = MASViewAttribute.m; sourceTree = "<group>"; };
		D423658F20A8315C00FFFD9E /* MASViewConstraint.h */ = {isa = PBXFileReference; fileEncoding = 4; lastKnownFileType = sourcecode.c.h; path = MASViewConstraint.h; sourceTree = "<group>"; };
		D423659020A8315C00FFFD9E /* MASViewConstraint.m */ = {isa = PBXFileReference; fileEncoding = 4; lastKnownFileType = sourcecode.c.objc; path = MASViewConstraint.m; sourceTree = "<group>"; };
		D423659120A8315C00FFFD9E /* NSArray+MASAdditions.h */ = {isa = PBXFileReference; fileEncoding = 4; lastKnownFileType = sourcecode.c.h; path = "NSArray+MASAdditions.h"; sourceTree = "<group>"; };
		D423659220A8315C00FFFD9E /* NSArray+MASAdditions.m */ = {isa = PBXFileReference; fileEncoding = 4; lastKnownFileType = sourcecode.c.objc; path = "NSArray+MASAdditions.m"; sourceTree = "<group>"; };
		D423659320A8315C00FFFD9E /* NSArray+MASShorthandAdditions.h */ = {isa = PBXFileReference; fileEncoding = 4; lastKnownFileType = sourcecode.c.h; path = "NSArray+MASShorthandAdditions.h"; sourceTree = "<group>"; };
		D423659420A8315C00FFFD9E /* NSLayoutConstraint+MASDebugAdditions.h */ = {isa = PBXFileReference; fileEncoding = 4; lastKnownFileType = sourcecode.c.h; path = "NSLayoutConstraint+MASDebugAdditions.h"; sourceTree = "<group>"; };
		D423659520A8315C00FFFD9E /* NSLayoutConstraint+MASDebugAdditions.m */ = {isa = PBXFileReference; fileEncoding = 4; lastKnownFileType = sourcecode.c.objc; path = "NSLayoutConstraint+MASDebugAdditions.m"; sourceTree = "<group>"; };
		D423659620A8315C00FFFD9E /* View+MASAdditions.h */ = {isa = PBXFileReference; fileEncoding = 4; lastKnownFileType = sourcecode.c.h; path = "View+MASAdditions.h"; sourceTree = "<group>"; };
		D423659720A8315C00FFFD9E /* View+MASAdditions.m */ = {isa = PBXFileReference; fileEncoding = 4; lastKnownFileType = sourcecode.c.objc; path = "View+MASAdditions.m"; sourceTree = "<group>"; };
		D423659820A8315C00FFFD9E /* View+MASShorthandAdditions.h */ = {isa = PBXFileReference; fileEncoding = 4; lastKnownFileType = sourcecode.c.h; path = "View+MASShorthandAdditions.h"; sourceTree = "<group>"; };
		D423659920A8315C00FFFD9E /* ViewController+MASAdditions.h */ = {isa = PBXFileReference; fileEncoding = 4; lastKnownFileType = sourcecode.c.h; path = "ViewController+MASAdditions.h"; sourceTree = "<group>"; };
		D423659A20A8315C00FFFD9E /* ViewController+MASAdditions.m */ = {isa = PBXFileReference; fileEncoding = 4; lastKnownFileType = sourcecode.c.objc; path = "ViewController+MASAdditions.m"; sourceTree = "<group>"; };
		D42365A520A8324800FFFD9E /* PrefixHeader.pch */ = {isa = PBXFileReference; lastKnownFileType = sourcecode.c.h; path = PrefixHeader.pch; sourceTree = "<group>"; };
		D42365AA20A8849900FFFD9E /* NSString+Size.h */ = {isa = PBXFileReference; lastKnownFileType = sourcecode.c.h; path = "NSString+Size.h"; sourceTree = "<group>"; };
		D42365AB20A8849900FFFD9E /* NSString+Size.m */ = {isa = PBXFileReference; lastKnownFileType = sourcecode.c.objc; path = "NSString+Size.m"; sourceTree = "<group>"; };
		D42365AE20A88AAD00FFFD9E /* UIFont+Type.h */ = {isa = PBXFileReference; lastKnownFileType = sourcecode.c.h; path = "UIFont+Type.h"; sourceTree = "<group>"; };
		D42365B020A8971200FFFD9E /* UIColor+Custom.h */ = {isa = PBXFileReference; lastKnownFileType = sourcecode.c.h; path = "UIColor+Custom.h"; sourceTree = "<group>"; };
		D42365B120A8971200FFFD9E /* UIColor+Custom.m */ = {isa = PBXFileReference; lastKnownFileType = sourcecode.c.objc; path = "UIColor+Custom.m"; sourceTree = "<group>"; };
		D42365B420A9DDEF00FFFD9E /* iOSNotificationViewController.h */ = {isa = PBXFileReference; lastKnownFileType = sourcecode.c.h; path = iOSNotificationViewController.h; sourceTree = "<group>"; };
		D42365B520A9DDEF00FFFD9E /* iOSNotificationViewController.m */ = {isa = PBXFileReference; lastKnownFileType = sourcecode.c.objc; path = iOSNotificationViewController.m; sourceTree = "<group>"; };
		D42365B820B701C700FFFD9E /* ZPURLSessionViewController.h */ = {isa = PBXFileReference; lastKnownFileType = sourcecode.c.h; path = ZPURLSessionViewController.h; sourceTree = "<group>"; };
		D42365B920B701C700FFFD9E /* ZPURLSessionViewController.m */ = {isa = PBXFileReference; lastKnownFileType = sourcecode.c.objc; path = ZPURLSessionViewController.m; sourceTree = "<group>"; };
		D436843720E39BC40082BC58 /* ZPTestsGestureRecognizerViewController.m */ = {isa = PBXFileReference; fileEncoding = 4; lastKnownFileType = sourcecode.c.objc; path = ZPTestsGestureRecognizerViewController.m; sourceTree = "<group>"; };
		D436843820E39BC40082BC58 /* ZPTestsGestureRecognizerViewController.h */ = {isa = PBXFileReference; fileEncoding = 4; lastKnownFileType = sourcecode.c.h; path = ZPTestsGestureRecognizerViewController.h; sourceTree = "<group>"; };
		D43D1BD120E3324100B776D6 /* ZPTestGestureRecognizerViewController.h */ = {isa = PBXFileReference; lastKnownFileType = sourcecode.c.h; path = ZPTestGestureRecognizerViewController.h; sourceTree = "<group>"; };
		D43D1BD220E3324100B776D6 /* ZPTestGestureRecognizerViewController.m */ = {isa = PBXFileReference; lastKnownFileType = sourcecode.c.objc; path = ZPTestGestureRecognizerViewController.m; sourceTree = "<group>"; };
		D43D1BD720E3394500B776D6 /* UIGestureRecognizer+Name.h */ = {isa = PBXFileReference; lastKnownFileType = sourcecode.c.h; path = "UIGestureRecognizer+Name.h"; sourceTree = "<group>"; };
		D43D1BD820E3394500B776D6 /* UIGestureRecognizer+Name.m */ = {isa = PBXFileReference; lastKnownFileType = sourcecode.c.objc; path = "UIGestureRecognizer+Name.m"; sourceTree = "<group>"; };
		D43D1C0A20E35F0B00B776D6 /* iphoneTestRelease.app */ = {isa = PBXFileReference; explicitFileType = wrapper.application; includeInIndex = 0; path = iphoneTestRelease.app; sourceTree = BUILT_PRODUCTS_DIR; };
		D43D1C0B20E35F0B00B776D6 /* iphoneTestRelease-Info.plist */ = {isa = PBXFileReference; lastKnownFileType = text.plist.xml; name = "iphoneTestRelease-Info.plist"; path = "/Users/ww/Desktop/iOSDemo1/iOSDemo/iphoneTestRelease-Info.plist"; sourceTree = "<absolute>"; };
		D489966B20D8AD9600E71DCA /* ZPGestureRecognizerViewController.h */ = {isa = PBXFileReference; lastKnownFileType = sourcecode.c.h; path = ZPGestureRecognizerViewController.h; sourceTree = "<group>"; };
		D489966C20D8AD9600E71DCA /* ZPGestureRecognizerViewController.m */ = {isa = PBXFileReference; lastKnownFileType = sourcecode.c.objc; path = ZPGestureRecognizerViewController.m; sourceTree = "<group>"; };
		D489967020D8AEAE00E71DCA /* JFDefaultSkin.h */ = {isa = PBXFileReference; fileEncoding = 4; lastKnownFileType = sourcecode.c.h; path = JFDefaultSkin.h; sourceTree = "<group>"; };
		D489967120D8AEAE00E71DCA /* JFDefaultSkin.m */ = {isa = PBXFileReference; fileEncoding = 4; lastKnownFileType = sourcecode.c.objc; path = JFDefaultSkin.m; sourceTree = "<group>"; };
		D489967220D8AEAE00E71DCA /* JFSKinManager.h */ = {isa = PBXFileReference; fileEncoding = 4; lastKnownFileType = sourcecode.c.h; path = JFSKinManager.h; sourceTree = "<group>"; };
		D489967320D8AEAE00E71DCA /* JFSKinManager.m */ = {isa = PBXFileReference; fileEncoding = 4; lastKnownFileType = sourcecode.c.objc; path = JFSKinManager.m; sourceTree = "<group>"; };
		D489967420D8AEAE00E71DCA /* JFSkinModel.h */ = {isa = PBXFileReference; fileEncoding = 4; lastKnownFileType = sourcecode.c.h; path = JFSkinModel.h; sourceTree = "<group>"; };
		D489967520D8AEAE00E71DCA /* JFSkinModel.m */ = {isa = PBXFileReference; fileEncoding = 4; lastKnownFileType = sourcecode.c.objc; path = JFSkinModel.m; sourceTree = "<group>"; };
		D489967C20D8B1FD00E71DCA /* JFGestureListModel.h */ = {isa = PBXFileReference; lastKnownFileType = sourcecode.c.h; path = JFGestureListModel.h; sourceTree = "<group>"; };
		D489967D20D8B1FD00E71DCA /* JFGestureListModel.m */ = {isa = PBXFileReference; lastKnownFileType = sourcecode.c.objc; path = JFGestureListModel.m; sourceTree = "<group>"; };
		D48EE16F20DAAF7A00356465 /* iOSDemoiPad.app */ = {isa = PBXFileReference; explicitFileType = wrapper.application; includeInIndex = 0; path = iOSDemoiPad.app; sourceTree = BUILT_PRODUCTS_DIR; };
		D48EE1F020DAB08600356465 /* iOSDemoiPad-info.plist */ = {isa = PBXFileReference; fileEncoding = 4; lastKnownFileType = text.plist.xml; path = "iOSDemoiPad-info.plist"; sourceTree = "<group>"; };
		D4A263FC20DCE21B00E778B3 /* testDemo.app */ = {isa = PBXFileReference; explicitFileType = wrapper.application; includeInIndex = 0; path = testDemo.app; sourceTree = BUILT_PRODUCTS_DIR; };
		D4CC6D5720E4857100D5B059 /* ZPPanGestureTest1ViewController.h */ = {isa = PBXFileReference; lastKnownFileType = sourcecode.c.h; path = ZPPanGestureTest1ViewController.h; sourceTree = "<group>"; };
		D4CC6D5820E4857100D5B059 /* ZPPanGestureTest1ViewController.m */ = {isa = PBXFileReference; lastKnownFileType = sourcecode.c.objc; path = ZPPanGestureTest1ViewController.m; sourceTree = "<group>"; };
		D4CC6D6020E4895100D5B059 /* libAFile.a */ = {isa = PBXFileReference; explicitFileType = archive.ar; path = libAFile.a; sourceTree = BUILT_PRODUCTS_DIR; };
		D4CC6D6120E4895100D5B059 /* Otherframework.framework */ = {isa = PBXFileReference; explicitFileType = wrapper.framework; path = Otherframework.framework; sourceTree = BUILT_PRODUCTS_DIR; };
		D4CC6D6B20E4AAC400D5B059 /* UIRotationGestureViewController.h */ = {isa = PBXFileReference; lastKnownFileType = sourcecode.c.h; path = UIRotationGestureViewController.h; sourceTree = "<group>"; };
		D4CC6D6C20E4AAC400D5B059 /* UIRotationGestureViewController.m */ = {isa = PBXFileReference; lastKnownFileType = sourcecode.c.objc; path = UIRotationGestureViewController.m; sourceTree = "<group>"; };
		D4D5496220D23B8E007E32B3 /* ZPWKWebViewController.h */ = {isa = PBXFileReference; lastKnownFileType = sourcecode.c.h; path = ZPWKWebViewController.h; sourceTree = "<group>"; };
		D4D5496320D23B8E007E32B3 /* ZPWKWebViewController.m */ = {isa = PBXFileReference; lastKnownFileType = sourcecode.c.objc; path = ZPWKWebViewController.m; sourceTree = "<group>"; };
/* End PBXFileReference section */

/* Begin PBXFrameworksBuildPhase section */
		D423655620A8231D00FFFD9E /* Frameworks */ = {
			isa = PBXFrameworksBuildPhase;
			buildActionMask = 2147483647;
			files = (
			);
			runOnlyForDeploymentPostprocessing = 0;
		};
		D43D1BFA20E35F0B00B776D6 /* Frameworks */ = {
			isa = PBXFrameworksBuildPhase;
			buildActionMask = 2147483647;
			files = (
				D4CC6D5E20E4895100D5B059 /* libAFile.a in Frameworks */,
				D4CC6D5F20E4895100D5B059 /* Otherframework.framework in Frameworks */,
			);
			runOnlyForDeploymentPostprocessing = 0;
		};
		D48EE16120DAAF7A00356465 /* Frameworks */ = {
			isa = PBXFrameworksBuildPhase;
			buildActionMask = 2147483647;
			files = (
			);
			runOnlyForDeploymentPostprocessing = 0;
		};
/* End PBXFrameworksBuildPhase section */

/* Begin PBXGroup section */
		D420DB9220CE62E80080C931 /* UI设计 */ = {
			isa = PBXGroup;
			children = (
				D489966A20D8AD6200E71DCA /* 手势 */,
				D420DB9320CE62FA0080C931 /* UIButton */,
			);
			path = "UI设计";
			sourceTree = "<group>";
		};
		D420DB9320CE62FA0080C931 /* UIButton */ = {
			isa = PBXGroup;
			children = (
				D420DB9420CE631E0080C931 /* UIButtonViewController.h */,
				D420DB9520CE631E0080C931 /* UIButtonViewController.m */,
				D420DB9A20CE74BC0080C931 /* ZPButton.h */,
				D420DB9B20CE74BC0080C931 /* ZPButton.m */,
			);
			path = UIButton;
			sourceTree = "<group>";
		};
		D423655020A8231D00FFFD9E = {
			isa = PBXGroup;
			children = (
				D423655B20A8231D00FFFD9E /* iOSDemo */,
				D423655A20A8231D00FFFD9E /* Products */,
				D4A2646E20DCF78200E778B3 /* Frameworks */,
			);
			sourceTree = "<group>";
		};
		D423655A20A8231D00FFFD9E /* Products */ = {
			isa = PBXGroup;
			children = (
				D423655920A8231D00FFFD9E /* iOSDemoiPhone.app */,
				D48EE16F20DAAF7A00356465 /* iOSDemoiPad.app */,
				D4A263FC20DCE21B00E778B3 /* testDemo.app */,
				D43D1C0A20E35F0B00B776D6 /* iphoneTestRelease.app */,
			);
			name = Products;
			sourceTree = "<group>";
		};
		D423655B20A8231D00FFFD9E /* iOSDemo */ = {
			isa = PBXGroup;
			children = (
				D489966F20D8AEAE00E71DCA /* 皮肤管理 */,
				D4D5496120D23B6F007E32B3 /* web */,
				D420DB9220CE62E80080C931 /* UI设计 */,
				D42365B720B7017300FFFD9E /* NSURLSession(网络请求) */,
				D42365B320A898A000FFFD9E /* iOSNotification */,
				D42365AF20A88ABF00FFFD9E /* SystemClassExtension */,
				D42365A620A883FD00FFFD9E /* SystemClassCagetory */,
				D423658120A8315C00FFFD9E /* Masonry */,
				D423655C20A8231D00FFFD9E /* AppDelegate.h */,
				D423655D20A8231D00FFFD9E /* AppDelegate.m */,
				D423655F20A8231D00FFFD9E /* ViewController.h */,
				D423656020A8231D00FFFD9E /* ViewController.m */,
				D423656220A8231D00FFFD9E /* Main.storyboard */,
				D423656520A8231D00FFFD9E /* Assets.xcassets */,
				D423656720A8231D00FFFD9E /* LaunchScreen.storyboard */,
				D423656A20A8231D00FFFD9E /* Info.plist */,
				D48EE1F020DAB08600356465 /* iOSDemoiPad-info.plist */,
				D43D1C0B20E35F0B00B776D6 /* iphoneTestRelease-Info.plist */,
				D423656B20A8231D00FFFD9E /* main.m */,
				D423657420A8258F00FFFD9E /* SectionList.plist */,
				D423657620A826FF00FFFD9E /* KnowledgeModel.h */,
				D423657720A826FF00FFFD9E /* KnowledgeModel.m */,
				D423657920A8296800FFFD9E /* SectionModel.h */,
				D423657A20A8296800FFFD9E /* SectionModel.m */,
				D423657C20A82A9600FFFD9E /* MainTableViewCell.h */,
				D423657D20A82A9600FFFD9E /* MainTableViewCell.m */,
				D42365A520A8324800FFFD9E /* PrefixHeader.pch */,
			);
			path = iOSDemo;
			sourceTree = "<group>";
		};
		D423658120A8315C00FFFD9E /* Masonry */ = {
			isa = PBXGroup;
			children = (
				D423658220A8315C00FFFD9E /* MASCompositeConstraint.h */,
				D423658320A8315C00FFFD9E /* MASCompositeConstraint.m */,
				D423658420A8315C00FFFD9E /* MASConstraint+Private.h */,
				D423658520A8315C00FFFD9E /* MASConstraint.h */,
				D423658620A8315C00FFFD9E /* MASConstraint.m */,
				D423658720A8315C00FFFD9E /* MASConstraintMaker.h */,
				D423658820A8315C00FFFD9E /* MASConstraintMaker.m */,
				D423658920A8315C00FFFD9E /* MASLayoutConstraint.h */,
				D423658A20A8315C00FFFD9E /* MASLayoutConstraint.m */,
				D423658B20A8315C00FFFD9E /* Masonry.h */,
				D423658C20A8315C00FFFD9E /* MASUtilities.h */,
				D423658D20A8315C00FFFD9E /* MASViewAttribute.h */,
				D423658E20A8315C00FFFD9E /* MASViewAttribute.m */,
				D423658F20A8315C00FFFD9E /* MASViewConstraint.h */,
				D423659020A8315C00FFFD9E /* MASViewConstraint.m */,
				D423659120A8315C00FFFD9E /* NSArray+MASAdditions.h */,
				D423659220A8315C00FFFD9E /* NSArray+MASAdditions.m */,
				D423659320A8315C00FFFD9E /* NSArray+MASShorthandAdditions.h */,
				D423659420A8315C00FFFD9E /* NSLayoutConstraint+MASDebugAdditions.h */,
				D423659520A8315C00FFFD9E /* NSLayoutConstraint+MASDebugAdditions.m */,
				D423659620A8315C00FFFD9E /* View+MASAdditions.h */,
				D423659720A8315C00FFFD9E /* View+MASAdditions.m */,
				D423659820A8315C00FFFD9E /* View+MASShorthandAdditions.h */,
				D423659920A8315C00FFFD9E /* ViewController+MASAdditions.h */,
				D423659A20A8315C00FFFD9E /* ViewController+MASAdditions.m */,
			);
			path = Masonry;
			sourceTree = "<group>";
		};
		D42365A620A883FD00FFFD9E /* SystemClassCagetory */ = {
			isa = PBXGroup;
			children = (
				D42365AA20A8849900FFFD9E /* NSString+Size.h */,
				D42365AB20A8849900FFFD9E /* NSString+Size.m */,
				D42365B020A8971200FFFD9E /* UIColor+Custom.h */,
				D42365B120A8971200FFFD9E /* UIColor+Custom.m */,
			);
			path = SystemClassCagetory;
			sourceTree = "<group>";
		};
		D42365AF20A88ABF00FFFD9E /* SystemClassExtension */ = {
			isa = PBXGroup;
			children = (
				D42365AE20A88AAD00FFFD9E /* UIFont+Type.h */,
			);
			path = SystemClassExtension;
			sourceTree = "<group>";
		};
		D42365B320A898A000FFFD9E /* iOSNotification */ = {
			isa = PBXGroup;
			children = (
				D42365B420A9DDEF00FFFD9E /* iOSNotificationViewController.h */,
				D42365B520A9DDEF00FFFD9E /* iOSNotificationViewController.m */,
			);
			path = iOSNotification;
			sourceTree = "<group>";
		};
		D42365B720B7017300FFFD9E /* NSURLSession(网络请求) */ = {
			isa = PBXGroup;
			children = (
				D42365B820B701C700FFFD9E /* ZPURLSessionViewController.h */,
				D42365B920B701C700FFFD9E /* ZPURLSessionViewController.m */,
			);
			path = "NSURLSession(网络请求)";
			sourceTree = "<group>";
		};
		D43D1BD020E331DF00B776D6 /* 手势实验 */ = {
			isa = PBXGroup;
			children = (
				D436843820E39BC40082BC58 /* ZPTestsGestureRecognizerViewController.h */,
				D436843720E39BC40082BC58 /* ZPTestsGestureRecognizerViewController.m */,
				D43D1BD120E3324100B776D6 /* ZPTestGestureRecognizerViewController.h */,
				D43D1BD220E3324100B776D6 /* ZPTestGestureRecognizerViewController.m */,
			);
			path = "手势实验";
			sourceTree = "<group>";
		};
		D489966A20D8AD6200E71DCA /* 手势 */ = {
			isa = PBXGroup;
			children = (
				D4CC6D6A20E4AA6000D5B059 /* 轻扫手势 */,
				D4CC6D6920E4AA5100D5B059 /* 旋转手势 */,
				D4CC6D6820E4AA4300D5B059 /* 缩放手势 */,
				D4CC6D6720E4AA3600D5B059 /* 点击手势 */,
				D4CC6D5620E4854F00D5B059 /* 拖拽手势 */,
				D43D1BD020E331DF00B776D6 /* 手势实验 */,
				D489966B20D8AD9600E71DCA /* ZPGestureRecognizerViewController.h */,
				D489966C20D8AD9600E71DCA /* ZPGestureRecognizerViewController.m */,
				D489967C20D8B1FD00E71DCA /* JFGestureListModel.h */,
				D489967D20D8B1FD00E71DCA /* JFGestureListModel.m */,
				D43D1BD720E3394500B776D6 /* UIGestureRecognizer+Name.h */,
				D43D1BD820E3394500B776D6 /* UIGestureRecognizer+Name.m */,
			);
			path = "手势";
			sourceTree = "<group>";
		};
		D489966F20D8AEAE00E71DCA /* 皮肤管理 */ = {
			isa = PBXGroup;
			children = (
				D489967020D8AEAE00E71DCA /* JFDefaultSkin.h */,
				D489967120D8AEAE00E71DCA /* JFDefaultSkin.m */,
				D489967220D8AEAE00E71DCA /* JFSKinManager.h */,
				D489967320D8AEAE00E71DCA /* JFSKinManager.m */,
				D489967420D8AEAE00E71DCA /* JFSkinModel.h */,
				D489967520D8AEAE00E71DCA /* JFSkinModel.m */,
			);
			path = "皮肤管理";
			sourceTree = "<group>";
		};
		D4A2646E20DCF78200E778B3 /* Frameworks */ = {
			isa = PBXGroup;
			children = (
				D4CC6D6020E4895100D5B059 /* libAFile.a */,
				D4CC6D6120E4895100D5B059 /* Otherframework.framework */,
			);
			name = Frameworks;
			sourceTree = "<group>";
		};
		D4CC6D5620E4854F00D5B059 /* 拖拽手势 */ = {
			isa = PBXGroup;
			children = (
				D4CC6D5720E4857100D5B059 /* ZPPanGestureTest1ViewController.h */,
				D4CC6D5820E4857100D5B059 /* ZPPanGestureTest1ViewController.m */,
			);
			path = "拖拽手势";
			sourceTree = "<group>";
		};
		D4CC6D6720E4AA3600D5B059 /* 点击手势 */ = {
			isa = PBXGroup;
			children = (
			);
			path = "点击手势";
			sourceTree = "<group>";
		};
		D4CC6D6820E4AA4300D5B059 /* 缩放手势 */ = {
			isa = PBXGroup;
			children = (
			);
			path = "缩放手势";
			sourceTree = "<group>";
		};
		D4CC6D6920E4AA5100D5B059 /* 旋转手势 */ = {
			isa = PBXGroup;
			children = (
				D4CC6D6B20E4AAC400D5B059 /* UIRotationGestureViewController.h */,
				D4CC6D6C20E4AAC400D5B059 /* UIRotationGestureViewController.m */,
			);
			path = "旋转手势";
			sourceTree = "<group>";
		};
		D4CC6D6A20E4AA6000D5B059 /* 轻扫手势 */ = {
			isa = PBXGroup;
			children = (
			);
			path = "轻扫手势";
			sourceTree = "<group>";
		};
		D4D5496120D23B6F007E32B3 /* web */ = {
			isa = PBXGroup;
			children = (
				D4D5496220D23B8E007E32B3 /* ZPWKWebViewController.h */,
				D4D5496320D23B8E007E32B3 /* ZPWKWebViewController.m */,
			);
			path = web;
			sourceTree = "<group>";
		};
/* End PBXGroup section */

/* Begin PBXNativeTarget section */
		D423655820A8231D00FFFD9E /* iOSDemoiPhone */ = {
			isa = PBXNativeTarget;
			buildConfigurationList = D423656F20A8231D00FFFD9E /* Build configuration list for PBXNativeTarget "iOSDemoiPhone" */;
			buildPhases = (
				D423655520A8231D00FFFD9E /* Sources */,
				D423655620A8231D00FFFD9E /* Frameworks */,
				D423655720A8231D00FFFD9E /* Resources */,
				D48EE08D20DAA95900356465 /* Embed App Extensions */,
				D4D544D220E0FBFD00CCF5A2 /* Embed Frameworks */,
			);
			buildRules = (
			);
			dependencies = (
			);
			name = iOSDemoiPhone;
			productName = iOSDemo;
			productReference = D423655920A8231D00FFFD9E /* iOSDemoiPhone.app */;
			productType = "com.apple.product-type.application";
		};
		D43D1BDA20E35F0B00B776D6 /* iphoneTestRelease */ = {
			isa = PBXNativeTarget;
			buildConfigurationList = D43D1C0520E35F0B00B776D6 /* Build configuration list for PBXNativeTarget "iphoneTestRelease" */;
			buildPhases = (
				D43D1BDB20E35F0B00B776D6 /* Sources */,
				D43D1BFA20E35F0B00B776D6 /* Frameworks */,
				D43D1BFD20E35F0B00B776D6 /* Resources */,
				D43D1C0320E35F0B00B776D6 /* Embed App Extensions */,
				D43D1C0420E35F0B00B776D6 /* Embed Frameworks */,
			);
			buildRules = (
			);
			dependencies = (
			);
			name = iphoneTestRelease;
			productName = iOSDemo;
			productReference = D43D1C0A20E35F0B00B776D6 /* iphoneTestRelease.app */;
			productType = "com.apple.product-type.application";
		};
		D48EE13E20DAAF7A00356465 /* iOSDemoiPad */ = {
			isa = PBXNativeTarget;
			buildConfigurationList = D48EE16A20DAAF7A00356465 /* Build configuration list for PBXNativeTarget "iOSDemoiPad" */;
			buildPhases = (
				D48EE14120DAAF7A00356465 /* Sources */,
				D48EE16120DAAF7A00356465 /* Frameworks */,
				D48EE16220DAAF7A00356465 /* Resources */,
				D48EE16820DAAF7A00356465 /* Embed App Extensions */,
				D4EC3ED820E085A900CDB096 /* Embed Frameworks */,
			);
			buildRules = (
			);
			dependencies = (
			);
			name = iOSDemoiPad;
			productName = iOSDemo;
			productReference = D48EE16F20DAAF7A00356465 /* iOSDemoiPad.app */;
			productType = "com.apple.product-type.application";
		};
/* End PBXNativeTarget section */

/* Begin PBXProject section */
		D423655120A8231D00FFFD9E /* Project object */ = {
			isa = PBXProject;
			attributes = {
				LastUpgradeCheck = 0910;
				ORGANIZATIONNAME = ww;
				TargetAttributes = {
					D423655820A8231D00FFFD9E = {
						CreatedOnToolsVersion = 9.1;
						ProvisioningStyle = Automatic;
					};
					D43D1BDA20E35F0B00B776D6 = {
						ProvisioningStyle = Automatic;
					};
					D48EE13E20DAAF7A00356465 = {
						ProvisioningStyle = Automatic;
					};
				};
			};
			buildConfigurationList = D423655420A8231D00FFFD9E /* Build configuration list for PBXProject "iOSDemo" */;
			compatibilityVersion = "Xcode 8.0";
			developmentRegion = en;
			hasScannedForEncodings = 0;
			knownRegions = (
				en,
				Base,
			);
			mainGroup = D423655020A8231D00FFFD9E;
			productRefGroup = D423655A20A8231D00FFFD9E /* Products */;
			projectDirPath = "";
			projectRoot = "";
			targets = (
				D423655820A8231D00FFFD9E /* iOSDemoiPhone */,
				D48EE13E20DAAF7A00356465 /* iOSDemoiPad */,
				D43D1BDA20E35F0B00B776D6 /* iphoneTestRelease */,
			);
		};
/* End PBXProject section */

/* Begin PBXResourcesBuildPhase section */
		D423655720A8231D00FFFD9E /* Resources */ = {
			isa = PBXResourcesBuildPhase;
			buildActionMask = 2147483647;
			files = (
				D423656920A8231D00FFFD9E /* LaunchScreen.storyboard in Resources */,
				D423657520A8258F00FFFD9E /* SectionList.plist in Resources */,
				D423656620A8231D00FFFD9E /* Assets.xcassets in Resources */,
				D423656420A8231D00FFFD9E /* Main.storyboard in Resources */,
				D48EE1F120DAB08600356465 /* iOSDemoiPad-info.plist in Resources */,
			);
			runOnlyForDeploymentPostprocessing = 0;
		};
		D43D1BFD20E35F0B00B776D6 /* Resources */ = {
			isa = PBXResourcesBuildPhase;
			buildActionMask = 2147483647;
			files = (
				D43D1BFE20E35F0B00B776D6 /* LaunchScreen.storyboard in Resources */,
				D43D1BFF20E35F0B00B776D6 /* SectionList.plist in Resources */,
				D43D1C0020E35F0B00B776D6 /* Assets.xcassets in Resources */,
				D43D1C0120E35F0B00B776D6 /* Main.storyboard in Resources */,
				D43D1C0220E35F0B00B776D6 /* iOSDemoiPad-info.plist in Resources */,
			);
			runOnlyForDeploymentPostprocessing = 0;
		};
		D48EE16220DAAF7A00356465 /* Resources */ = {
			isa = PBXResourcesBuildPhase;
			buildActionMask = 2147483647;
			files = (
				D48EE16320DAAF7A00356465 /* LaunchScreen.storyboard in Resources */,
				D48EE16520DAAF7A00356465 /* SectionList.plist in Resources */,
				D48EE16620DAAF7A00356465 /* Assets.xcassets in Resources */,
				D48EE16720DAAF7A00356465 /* Main.storyboard in Resources */,
			);
			runOnlyForDeploymentPostprocessing = 0;
		};
/* End PBXResourcesBuildPhase section */

/* Begin PBXSourcesBuildPhase section */
		D423655520A8231D00FFFD9E /* Sources */ = {
			isa = PBXSourcesBuildPhase;
			buildActionMask = 2147483647;
			files = (
				D489967620D8AEAF00E71DCA /* JFDefaultSkin.m in Sources */,
				D423659C20A8315C00FFFD9E /* MASConstraint.m in Sources */,
				D423659F20A8315C00FFFD9E /* MASViewAttribute.m in Sources */,
				D489966D20D8AD9700E71DCA /* ZPGestureRecognizerViewController.m in Sources */,
				D42365A420A8315C00FFFD9E /* ViewController+MASAdditions.m in Sources */,
				D42365A120A8315C00FFFD9E /* NSArray+MASAdditions.m in Sources */,
				D423657E20A82A9600FFFD9E /* MainTableViewCell.m in Sources */,
				D489967820D8AEAF00E71DCA /* JFSkinModel.m in Sources */,
				D420DB9C20CE74BC0080C931 /* ZPButton.m in Sources */,
				D4D5496420D23B8E007E32B3 /* ZPWKWebViewController.m in Sources */,
				D489967E20D8B1FD00E71DCA /* JFGestureListModel.m in Sources */,
				D420DB9620CE631E0080C931 /* UIButtonViewController.m in Sources */,
				D42365A020A8315C00FFFD9E /* MASViewConstraint.m in Sources */,
				D423659E20A8315C00FFFD9E /* MASLayoutConstraint.m in Sources */,
				D423657B20A8296800FFFD9E /* SectionModel.m in Sources */,
				D489967720D8AEAF00E71DCA /* JFSKinManager.m in Sources */,
				D423657820A826FF00FFFD9E /* KnowledgeModel.m in Sources */,
				D42365A320A8315C00FFFD9E /* View+MASAdditions.m in Sources */,
				D42365AC20A8849900FFFD9E /* NSString+Size.m in Sources */,
				D42365BA20B701C700FFFD9E /* ZPURLSessionViewController.m in Sources */,
				D42365B620A9DDEF00FFFD9E /* iOSNotificationViewController.m in Sources */,
				D43D1BD920E3394500B776D6 /* UIGestureRecognizer+Name.m in Sources */,
				D423659B20A8315C00FFFD9E /* MASCompositeConstraint.m in Sources */,
				D42365A220A8315C00FFFD9E /* NSLayoutConstraint+MASDebugAdditions.m in Sources */,
				D423659D20A8315C00FFFD9E /* MASConstraintMaker.m in Sources */,
				D423656120A8231D00FFFD9E /* ViewController.m in Sources */,
				D436843920E39BC40082BC58 /* ZPTestsGestureRecognizerViewController.m in Sources */,
				D43D1BD320E3324100B776D6 /* ZPTestGestureRecognizerViewController.m in Sources */,
				D4CC6D5920E4857100D5B059 /* ZPPanGestureTest1ViewController.m in Sources */,
				D4CC6D6D20E4AAC400D5B059 /* UIRotationGestureViewController.m in Sources */,
				D423656C20A8231D00FFFD9E /* main.m in Sources */,
				D42365B220A8971200FFFD9E /* UIColor+Custom.m in Sources */,
				D423655E20A8231D00FFFD9E /* AppDelegate.m in Sources */,
			);
			runOnlyForDeploymentPostprocessing = 0;
		};
		D43D1BDB20E35F0B00B776D6 /* Sources */ = {
			isa = PBXSourcesBuildPhase;
			buildActionMask = 2147483647;
			files = (
				D43D1BDC20E35F0B00B776D6 /* JFDefaultSkin.m in Sources */,
				D43D1BDD20E35F0B00B776D6 /* MASConstraint.m in Sources */,
				D43D1BDE20E35F0B00B776D6 /* MASViewAttribute.m in Sources */,
				D43D1BDF20E35F0B00B776D6 /* ZPGestureRecognizerViewController.m in Sources */,
				D43D1BE020E35F0B00B776D6 /* ViewController+MASAdditions.m in Sources */,
				D43D1BE120E35F0B00B776D6 /* NSArray+MASAdditions.m in Sources */,
				D43D1BE220E35F0B00B776D6 /* MainTableViewCell.m in Sources */,
				D43D1BE320E35F0B00B776D6 /* JFSkinModel.m in Sources */,
				D43D1BE420E35F0B00B776D6 /* ZPButton.m in Sources */,
				D43D1BE520E35F0B00B776D6 /* ZPWKWebViewController.m in Sources */,
				D43D1BE620E35F0B00B776D6 /* JFGestureListModel.m in Sources */,
				D43D1BE720E35F0B00B776D6 /* UIButtonViewController.m in Sources */,
				D43D1BE820E35F0B00B776D6 /* MASViewConstraint.m in Sources */,
				D43D1BE920E35F0B00B776D6 /* MASLayoutConstraint.m in Sources */,
				D43D1BEA20E35F0B00B776D6 /* SectionModel.m in Sources */,
				D43D1BEB20E35F0B00B776D6 /* JFSKinManager.m in Sources */,
				D43D1BEC20E35F0B00B776D6 /* KnowledgeModel.m in Sources */,
				D43D1BED20E35F0B00B776D6 /* View+MASAdditions.m in Sources */,
				D43D1BEE20E35F0B00B776D6 /* NSString+Size.m in Sources */,
				D43D1BEF20E35F0B00B776D6 /* ZPURLSessionViewController.m in Sources */,
				D43D1BF020E35F0B00B776D6 /* iOSNotificationViewController.m in Sources */,
				D43D1BF120E35F0B00B776D6 /* UIGestureRecognizer+Name.m in Sources */,
				D43D1BF220E35F0B00B776D6 /* MASCompositeConstraint.m in Sources */,
				D43D1BF320E35F0B00B776D6 /* NSLayoutConstraint+MASDebugAdditions.m in Sources */,
				D43D1BF420E35F0B00B776D6 /* MASConstraintMaker.m in Sources */,
				D43D1BF520E35F0B00B776D6 /* ViewController.m in Sources */,
				D436843A20E39BCF0082BC58 /* ZPTestsGestureRecognizerViewController.m in Sources */,
				D43D1BF620E35F0B00B776D6 /* ZPTestGestureRecognizerViewController.m in Sources */,
				D4CC6D6620E48B1E00D5B059 /* ZPPanGestureTest1ViewController.m in Sources */,
				D4CC6D6E20E4AE1C00D5B059 /* UIRotationGestureViewController.m in Sources */,
				D43D1BF720E35F0B00B776D6 /* main.m in Sources */,
				D43D1BF820E35F0B00B776D6 /* UIColor+Custom.m in Sources */,
				D43D1BF920E35F0B00B776D6 /* AppDelegate.m in Sources */,
			);
			runOnlyForDeploymentPostprocessing = 0;
		};
		D48EE14120DAAF7A00356465 /* Sources */ = {
			isa = PBXSourcesBuildPhase;
			buildActionMask = 2147483647;
			files = (
				D48EE14220DAAF7A00356465 /* JFDefaultSkin.m in Sources */,
				D48EE14320DAAF7A00356465 /* MASConstraint.m in Sources */,
				D48EE14420DAAF7A00356465 /* MASViewAttribute.m in Sources */,
				D4A2641420DCE41600E778B3 /* AppDelegate.m in Sources */,
				D48EE14520DAAF7A00356465 /* ZPGestureRecognizerViewController.m in Sources */,
				D48EE14720DAAF7A00356465 /* ViewController+MASAdditions.m in Sources */,
				D48EE14820DAAF7A00356465 /* NSArray+MASAdditions.m in Sources */,
				D48EE14920DAAF7A00356465 /* MainTableViewCell.m in Sources */,
				D48EE14A20DAAF7A00356465 /* JFSkinModel.m in Sources */,
				D48EE14B20DAAF7A00356465 /* ZPButton.m in Sources */,
				D48EE14C20DAAF7A00356465 /* ZPWKWebViewController.m in Sources */,
				D48EE14D20DAAF7A00356465 /* JFGestureListModel.m in Sources */,
				D48EE14E20DAAF7A00356465 /* UIButtonViewController.m in Sources */,
				D48EE14F20DAAF7A00356465 /* MASViewConstraint.m in Sources */,
				D48EE15120DAAF7A00356465 /* MASLayoutConstraint.m in Sources */,
				D48EE15220DAAF7A00356465 /* SectionModel.m in Sources */,
				D48EE15320DAAF7A00356465 /* JFSKinManager.m in Sources */,
				D48EE15420DAAF7A00356465 /* KnowledgeModel.m in Sources */,
				D48EE15520DAAF7A00356465 /* View+MASAdditions.m in Sources */,
				D48EE15620DAAF7A00356465 /* NSString+Size.m in Sources */,
				D48EE15820DAAF7A00356465 /* ZPURLSessionViewController.m in Sources */,
				D48EE15920DAAF7A00356465 /* iOSNotificationViewController.m in Sources */,
				D48EE15A20DAAF7A00356465 /* MASCompositeConstraint.m in Sources */,
				D48EE15B20DAAF7A00356465 /* NSLayoutConstraint+MASDebugAdditions.m in Sources */,
				D48EE15C20DAAF7A00356465 /* MASConstraintMaker.m in Sources */,
				D48EE15D20DAAF7A00356465 /* ViewController.m in Sources */,
				D48EE15E20DAAF7A00356465 /* main.m in Sources */,
				D48EE15F20DAAF7A00356465 /* UIColor+Custom.m in Sources */,
			);
			runOnlyForDeploymentPostprocessing = 0;
		};
/* End PBXSourcesBuildPhase section */

/* Begin PBXVariantGroup section */
		D423656220A8231D00FFFD9E /* Main.storyboard */ = {
			isa = PBXVariantGroup;
			children = (
				D423656320A8231D00FFFD9E /* Base */,
			);
			name = Main.storyboard;
			sourceTree = "<group>";
		};
		D423656720A8231D00FFFD9E /* LaunchScreen.storyboard */ = {
			isa = PBXVariantGroup;
			children = (
				D423656820A8231D00FFFD9E /* Base */,
			);
			name = LaunchScreen.storyboard;
			sourceTree = "<group>";
		};
/* End PBXVariantGroup section */

/* Begin XCBuildConfiguration section */
		D423656D20A8231D00FFFD9E /* Debug */ = {
			isa = XCBuildConfiguration;
			buildSettings = {
				ALWAYS_SEARCH_USER_PATHS = NO;
				ASSETCATALOG_COMPILER_APPICON_NAME = AppIcon;
				CLANG_ANALYZER_NONNULL = YES;
				CLANG_ANALYZER_NUMBER_OBJECT_CONVERSION = YES_AGGRESSIVE;
				CLANG_CXX_LANGUAGE_STANDARD = "gnu++14";
				CLANG_CXX_LIBRARY = "libc++";
				CLANG_ENABLE_MODULES = YES;
				CLANG_ENABLE_OBJC_ARC = YES;
				CLANG_WARN_BLOCK_CAPTURE_AUTORELEASING = YES;
				CLANG_WARN_BOOL_CONVERSION = YES;
				CLANG_WARN_COMMA = YES;
				CLANG_WARN_CONSTANT_CONVERSION = YES;
				CLANG_WARN_DIRECT_OBJC_ISA_USAGE = YES_ERROR;
				CLANG_WARN_DOCUMENTATION_COMMENTS = YES;
				CLANG_WARN_EMPTY_BODY = YES;
				CLANG_WARN_ENUM_CONVERSION = YES;
				CLANG_WARN_INFINITE_RECURSION = YES;
				CLANG_WARN_INT_CONVERSION = YES;
				CLANG_WARN_NON_LITERAL_NULL_CONVERSION = YES;
				CLANG_WARN_OBJC_LITERAL_CONVERSION = YES;
				CLANG_WARN_OBJC_ROOT_CLASS = YES_ERROR;
				CLANG_WARN_RANGE_LOOP_ANALYSIS = YES;
				CLANG_WARN_STRICT_PROTOTYPES = YES;
				CLANG_WARN_SUSPICIOUS_MOVE = YES;
				CLANG_WARN_UNGUARDED_AVAILABILITY = YES_AGGRESSIVE;
				CLANG_WARN_UNREACHABLE_CODE = YES;
				CLANG_WARN__DUPLICATE_METHOD_MATCH = YES;
				CODE_SIGN_IDENTITY = "iPhone Developer";
				COPY_PHASE_STRIP = NO;
				DEBUG_INFORMATION_FORMAT = dwarf;
				ENABLE_STRICT_OBJC_MSGSEND = YES;
				ENABLE_TESTABILITY = YES;
				GCC_C_LANGUAGE_STANDARD = gnu11;
				GCC_DYNAMIC_NO_PIC = NO;
				GCC_NO_COMMON_BLOCKS = YES;
				GCC_OPTIMIZATION_LEVEL = 0;
				GCC_PREPROCESSOR_DEFINITIONS = (
					"DEBUG=1",
					"$(inherited)",
				);
				GCC_WARN_64_TO_32_BIT_CONVERSION = YES;
				GCC_WARN_ABOUT_RETURN_TYPE = YES_ERROR;
				GCC_WARN_UNDECLARED_SELECTOR = YES;
				GCC_WARN_UNINITIALIZED_AUTOS = YES_AGGRESSIVE;
				GCC_WARN_UNUSED_FUNCTION = YES;
				GCC_WARN_UNUSED_VARIABLE = YES;
				IPHONEOS_DEPLOYMENT_TARGET = 11.1;
				MTL_ENABLE_DEBUG_INFO = YES;
				ONLY_ACTIVE_ARCH = YES;
				OTHER_LDFLAGS = "";
				SDKROOT = iphoneos;
				USER_HEADER_SEARCH_PATHS = "$(BUILT_PRODUCTS_DIR)";
			};
			name = Debug;
		};
		D423656E20A8231D00FFFD9E /* Release */ = {
			isa = XCBuildConfiguration;
			buildSettings = {
				ALWAYS_SEARCH_USER_PATHS = NO;
				CLANG_ANALYZER_NONNULL = YES;
				CLANG_ANALYZER_NUMBER_OBJECT_CONVERSION = YES_AGGRESSIVE;
				CLANG_CXX_LANGUAGE_STANDARD = "gnu++14";
				CLANG_CXX_LIBRARY = "libc++";
				CLANG_ENABLE_MODULES = YES;
				CLANG_ENABLE_OBJC_ARC = YES;
				CLANG_WARN_BLOCK_CAPTURE_AUTORELEASING = YES;
				CLANG_WARN_BOOL_CONVERSION = YES;
				CLANG_WARN_COMMA = YES;
				CLANG_WARN_CONSTANT_CONVERSION = YES;
				CLANG_WARN_DIRECT_OBJC_ISA_USAGE = YES_ERROR;
				CLANG_WARN_DOCUMENTATION_COMMENTS = YES;
				CLANG_WARN_EMPTY_BODY = YES;
				CLANG_WARN_ENUM_CONVERSION = YES;
				CLANG_WARN_INFINITE_RECURSION = YES;
				CLANG_WARN_INT_CONVERSION = YES;
				CLANG_WARN_NON_LITERAL_NULL_CONVERSION = YES;
				CLANG_WARN_OBJC_LITERAL_CONVERSION = YES;
				CLANG_WARN_OBJC_ROOT_CLASS = YES_ERROR;
				CLANG_WARN_RANGE_LOOP_ANALYSIS = YES;
				CLANG_WARN_STRICT_PROTOTYPES = YES;
				CLANG_WARN_SUSPICIOUS_MOVE = YES;
				CLANG_WARN_UNGUARDED_AVAILABILITY = YES_AGGRESSIVE;
				CLANG_WARN_UNREACHABLE_CODE = YES;
				CLANG_WARN__DUPLICATE_METHOD_MATCH = YES;
				CODE_SIGN_IDENTITY = "iPhone Developer";
				COPY_PHASE_STRIP = NO;
				DEBUG_INFORMATION_FORMAT = "dwarf-with-dsym";
				ENABLE_NS_ASSERTIONS = NO;
				ENABLE_STRICT_OBJC_MSGSEND = YES;
				GCC_C_LANGUAGE_STANDARD = gnu11;
				GCC_NO_COMMON_BLOCKS = YES;
				GCC_WARN_64_TO_32_BIT_CONVERSION = YES;
				GCC_WARN_ABOUT_RETURN_TYPE = YES_ERROR;
				GCC_WARN_UNDECLARED_SELECTOR = YES;
				GCC_WARN_UNINITIALIZED_AUTOS = YES_AGGRESSIVE;
				GCC_WARN_UNUSED_FUNCTION = YES;
				GCC_WARN_UNUSED_VARIABLE = YES;
				IPHONEOS_DEPLOYMENT_TARGET = 11.1;
				MTL_ENABLE_DEBUG_INFO = NO;
				OTHER_LDFLAGS = "";
				SDKROOT = iphoneos;
				USER_HEADER_SEARCH_PATHS = "$(BUILT_PRODUCTS_DIR)";
				VALIDATE_PRODUCT = YES;
			};
			name = Release;
		};
		D423657020A8231D00FFFD9E /* Debug */ = {
			isa = XCBuildConfiguration;
			buildSettings = {
				ALWAYS_SEARCH_USER_PATHS = YES;
				APP_DISPLAY_NAME = "iPhone默认";
				ASSETCATALOG_COMPILER_APPICON_NAME = AppIcon;
				"CODE_SIGN_IDENTITY[sdk=iphoneos*]" = "iPhone Developer";
				CODE_SIGN_STYLE = Automatic;
				DEVELOPMENT_TEAM = U23ERTLBUC;
				ENABLE_BITCODE = NO;
				ENABLE_NS_ASSERTIONS = YES;
				FRAMEWORK_SEARCH_PATHS = "$(BUILD_DIR)/Release-iphoneos/**";
				GCC_PREFIX_HEADER = iOSDemo/PrefixHeader.pch;
				HEADER_SEARCH_PATHS = "$(BUILD_DIR)/Release-iphoneos";
				INFOPLIST_FILE = iOSDemo/Info.plist;
				IPHONEOS_DEPLOYMENT_TARGET = 8.0;
				LD_RUNPATH_SEARCH_PATHS = "$(inherited) @executable_path/Frameworks";
				LIBRARY_SEARCH_PATHS = "$(BUILD_DIR)/Release-iphoneos/**";
				ONLY_ACTIVE_ARCH = YES;
				OTHER_LDFLAGS = "-ObjC";
				PRODUCT_BUNDLE_IDENTIFIER = com.zpsss.iOSDemo;
				PRODUCT_NAME = "$(TARGET_NAME)";
				PROVISIONING_PROFILE_SPECIFIER = "";
				TARGETED_DEVICE_FAMILY = "1,2";
				USER_HEADER_SEARCH_PATHS = "$(BUILD_DIR)/Release-iphoneos/**";
			};
			name = Debug;
		};
		D423657120A8231D00FFFD9E /* Release */ = {
			isa = XCBuildConfiguration;
			buildSettings = {
				ALWAYS_SEARCH_USER_PATHS = YES;
				APP_DISPLAY_NAME = "";
				ASSETCATALOG_COMPILER_APPICON_NAME = AppIcon;
				"CODE_SIGN_IDENTITY[sdk=iphoneos*]" = "iPhone Developer";
				CODE_SIGN_STYLE = Automatic;
				DEVELOPMENT_TEAM = U23ERTLBUC;
				ENABLE_BITCODE = NO;
				ENABLE_NS_ASSERTIONS = YES;
				FRAMEWORK_SEARCH_PATHS = "$(BUILD_DIR)/Release-iphoneos/**";
				GCC_PREFIX_HEADER = iOSDemo/PrefixHeader.pch;
				HEADER_SEARCH_PATHS = "$(BUILD_DIR)/Release-iphoneos";
				INFOPLIST_FILE = iOSDemo/Info.plist;
				IPHONEOS_DEPLOYMENT_TARGET = 8.0;
				LD_RUNPATH_SEARCH_PATHS = "$(inherited) @executable_path/Frameworks";
				LIBRARY_SEARCH_PATHS = "$(BUILD_DIR)/Release-iphoneos/**";
				ONLY_ACTIVE_ARCH = NO;
				OTHER_LDFLAGS = "-ObjC";
				PRODUCT_BUNDLE_IDENTIFIER = com.zpsss.iOSDemo;
				PRODUCT_NAME = "$(TARGET_NAME)";
				PROVISIONING_PROFILE_SPECIFIER = "";
				SKIP_INSTALL = YES;
				TARGETED_DEVICE_FAMILY = "1,2";
				USER_HEADER_SEARCH_PATHS = "$(BUILD_DIR)/Release-iphoneos/**";
			};
			name = Release;
		};
		D43D1C0620E35F0B00B776D6 /* Debug */ = {
			isa = XCBuildConfiguration;
			buildSettings = {
				ALWAYS_SEARCH_USER_PATHS = YES;
				APP_DISPLAY_NAME = "iPhone默认";
				ASSETCATALOG_COMPILER_APPICON_NAME = AppIcon;
				"CODE_SIGN_IDENTITY[sdk=iphoneos*]" = "iPhone Developer";
				CODE_SIGN_STYLE = Automatic;
				DEVELOPMENT_TEAM = U23ERTLBUC;
				ENABLE_NS_ASSERTIONS = YES;
				FRAMEWORK_SEARCH_PATHS = "$(BUILD_DIR)/Release-iphoneos/**";
				GCC_PREFIX_HEADER = iOSDemo/PrefixHeader.pch;
				HEADER_SEARCH_PATHS = "$(BUILD_DIR)/Release-iphoneos/**";
				INFOPLIST_FILE = "$(SRCROOT)/iOSDemo/iphoneTestRelease-Info.plist";
				IPHONEOS_DEPLOYMENT_TARGET = 8.0;
				LD_RUNPATH_SEARCH_PATHS = "$(inherited) @executable_path/Frameworks";
				LIBRARY_SEARCH_PATHS = "$(BUILD_DIR)/Release-iphoneos/**";
				OTHER_LDFLAGS = "-ObjC";
				PRODUCT_BUNDLE_IDENTIFIER = com.zpsss.iOSDemo;
				PRODUCT_NAME = "$(TARGET_NAME)";
				PROVISIONING_PROFILE_SPECIFIER = "";
				TARGETED_DEVICE_FAMILY = "1,2";
				USER_HEADER_SEARCH_PATHS = "$(BUILD_DIR)/Release-iphoneos/**";
			};
			name = Debug;
		};
		D43D1C0720E35F0B00B776D6 /* MyTestRelease */ = {
			isa = XCBuildConfiguration;
			buildSettings = {
				ALWAYS_SEARCH_USER_PATHS = YES;
				APP_DISPLAY_NAME = "手机外部测试";
				ASSETCATALOG_COMPILER_APPICON_NAME = AppIcon;
				"CODE_SIGN_IDENTITY[sdk=iphoneos*]" = "iPhone Developer";
				CODE_SIGN_STYLE = Automatic;
				DEVELOPMENT_TEAM = U23ERTLBUC;
				ENABLE_NS_ASSERTIONS = YES;
				FRAMEWORK_SEARCH_PATHS = "$(BUILD_DIR)/Release-iphoneos/**";
				GCC_PREFIX_HEADER = iOSDemo/PrefixHeader.pch;
				HEADER_SEARCH_PATHS = "$(BUILD_DIR)/Release-iphoneos/**";
				INFOPLIST_FILE = "$(SRCROOT)/iOSDemo/iphoneTestRelease-Info.plist";
				IPHONEOS_DEPLOYMENT_TARGET = 8.0;
				LD_RUNPATH_SEARCH_PATHS = "$(inherited) @executable_path/Frameworks";
				LIBRARY_SEARCH_PATHS = "$(BUILD_DIR)/Release-iphoneos/**";
				OTHER_LDFLAGS = "-ObjC";
				PRODUCT_BUNDLE_IDENTIFIER = com.zpsss.iOSDemo;
				PRODUCT_NAME = "$(TARGET_NAME)";
				PROVISIONING_PROFILE_SPECIFIER = "";
				TARGETED_DEVICE_FAMILY = "1,2";
				USER_HEADER_SEARCH_PATHS = "$(BUILD_DIR)/Release-iphoneos/**";
			};
			name = MyTestRelease;
		};
		D43D1C0820E35F0B00B776D6 /* MyTestDev */ = {
			isa = XCBuildConfiguration;
			buildSettings = {
				ALWAYS_SEARCH_USER_PATHS = YES;
				APP_DISPLAY_NAME = "手机内部测试";
				ASSETCATALOG_COMPILER_APPICON_NAME = AppIconDev;
				"CODE_SIGN_IDENTITY[sdk=iphoneos*]" = "iPhone Developer";
				CODE_SIGN_STYLE = Automatic;
				CONFIGURATION_BUILD_DIR = "$(BUILD_DIR)/$(CONFIGURATION)$(EFFECTIVE_PLATFORM_NAME)";
				DEVELOPMENT_TEAM = U23ERTLBUC;
				ENABLE_NS_ASSERTIONS = YES;
				FRAMEWORK_SEARCH_PATHS = "$(BUILD_DIR)/Release-iphoneos/**";
				GCC_PREFIX_HEADER = iOSDemo/PrefixHeader.pch;
				HEADER_SEARCH_PATHS = "$(BUILD_DIR)/Release-iphoneos/**";
				INFOPLIST_FILE = "$(SRCROOT)/iOSDemo/iphoneTestRelease-Info.plist";
				IPHONEOS_DEPLOYMENT_TARGET = 8.0;
				LD_RUNPATH_SEARCH_PATHS = "$(inherited) @executable_path/Frameworks";
				LIBRARY_SEARCH_PATHS = "$(BUILD_DIR)/Release-iphoneos/**";
				OTHER_LDFLAGS = "-ObjC";
				PRODUCT_BUNDLE_IDENTIFIER = com.zpsss.iOSDemo;
				PRODUCT_NAME = "$(TARGET_NAME)";
				PROVISIONING_PROFILE_SPECIFIER = "";
				TARGETED_DEVICE_FAMILY = "1,2";
				USER_HEADER_SEARCH_PATHS = "$(BUILD_DIR)/Release-iphoneos/**";
			};
			name = MyTestDev;
		};
		D43D1C0920E35F0B00B776D6 /* Release */ = {
			isa = XCBuildConfiguration;
			buildSettings = {
				ALWAYS_SEARCH_USER_PATHS = YES;
				APP_DISPLAY_NAME = "";
				ASSETCATALOG_COMPILER_APPICON_NAME = AppIcon;
				"CODE_SIGN_IDENTITY[sdk=iphoneos*]" = "iPhone Developer";
				CODE_SIGN_STYLE = Automatic;
				DEVELOPMENT_TEAM = U23ERTLBUC;
				ENABLE_NS_ASSERTIONS = YES;
				FRAMEWORK_SEARCH_PATHS = "$(BUILD_DIR)/Release-iphoneos/**";
				GCC_PREFIX_HEADER = iOSDemo/PrefixHeader.pch;
				HEADER_SEARCH_PATHS = "$(BUILD_DIR)/Release-iphoneos/**";
				INFOPLIST_FILE = "$(SRCROOT)/iOSDemo/iphoneTestRelease-Info.plist";
				IPHONEOS_DEPLOYMENT_TARGET = 8.0;
				LD_RUNPATH_SEARCH_PATHS = "$(inherited) @executable_path/Frameworks";
				LIBRARY_SEARCH_PATHS = "$(BUILD_DIR)/Release-iphoneos/**";
				OTHER_LDFLAGS = "-ObjC";
				PRODUCT_BUNDLE_IDENTIFIER = com.zpsss.iOSDemo;
				PRODUCT_NAME = "$(TARGET_NAME)";
				PROVISIONING_PROFILE_SPECIFIER = "";
				SKIP_INSTALL = YES;
				TARGETED_DEVICE_FAMILY = "1,2";
				USER_HEADER_SEARCH_PATHS = "$(BUILD_DIR)/Release-iphoneos/**";
			};
			name = Release;
		};
		D48EE16B20DAAF7A00356465 /* Debug */ = {
			isa = XCBuildConfiguration;
			buildSettings = {
				APP_DISPLAY_NAME = "iPad默认";
				ASSETCATALOG_COMPILER_APPICON_NAME = AppIcon;
				"CODE_SIGN_IDENTITY[sdk=iphoneos*]" = "iPhone Developer";
				CODE_SIGN_STYLE = Automatic;
				DEVELOPMENT_TEAM = U23ERTLBUC;
				ENABLE_NS_ASSERTIONS = YES;
				GCC_PREFIX_HEADER = iOSDemo/PrefixHeader.pch;
				INFOPLIST_FILE = "$(SRCROOT)/iOSDemo/iOSDemoiPad-info.plist";
				IPHONEOS_DEPLOYMENT_TARGET = 8.0;
				LD_RUNPATH_SEARCH_PATHS = "$(inherited) @executable_path/Frameworks";
				PRODUCT_BUNDLE_IDENTIFIER = com.zpsss.iOSDemo.test;
				PRODUCT_NAME = "$(TARGET_NAME)";
				PROVISIONING_PROFILE_SPECIFIER = "";
				TARGETED_DEVICE_FAMILY = "1,2";
			};
			name = Debug;
		};
		D48EE16C20DAAF7A00356465 /* MyTestRelease */ = {
			isa = XCBuildConfiguration;
			buildSettings = {
				APP_DISPLAY_NAME = "iPad外部测试";
				ASSETCATALOG_COMPILER_APPICON_NAME = AppIcon;
				"CODE_SIGN_IDENTITY[sdk=iphoneos*]" = "iPhone Developer";
				CODE_SIGN_STYLE = Automatic;
				DEVELOPMENT_TEAM = U23ERTLBUC;
				ENABLE_NS_ASSERTIONS = YES;
				GCC_PREFIX_HEADER = iOSDemo/PrefixHeader.pch;
				INFOPLIST_FILE = "$(SRCROOT)/iOSDemo/iOSDemoiPad-info.plist";
				IPHONEOS_DEPLOYMENT_TARGET = 8.0;
				LD_RUNPATH_SEARCH_PATHS = "$(inherited) @executable_path/Frameworks";
				PRODUCT_BUNDLE_IDENTIFIER = com.zpsss.iOSDemo.test;
				PRODUCT_NAME = "$(TARGET_NAME)";
				PROVISIONING_PROFILE_SPECIFIER = "";
				TARGETED_DEVICE_FAMILY = "1,2";
			};
			name = MyTestRelease;
		};
		D48EE16D20DAAF7A00356465 /* MyTestDev */ = {
			isa = XCBuildConfiguration;
			buildSettings = {
				APP_DISPLAY_NAME = "iPad内部测试";
				ASSETCATALOG_COMPILER_APPICON_NAME = AppIconDev;
				"CODE_SIGN_IDENTITY[sdk=iphoneos*]" = "iPhone Developer";
				CODE_SIGN_STYLE = Automatic;
				DEVELOPMENT_TEAM = U23ERTLBUC;
				ENABLE_NS_ASSERTIONS = YES;
				GCC_PREFIX_HEADER = iOSDemo/PrefixHeader.pch;
				INFOPLIST_FILE = "$(SRCROOT)/iOSDemo/iOSDemoiPad-info.plist";
				IPHONEOS_DEPLOYMENT_TARGET = 8.0;
				LD_RUNPATH_SEARCH_PATHS = "$(inherited) @executable_path/Frameworks";
				PRODUCT_BUNDLE_IDENTIFIER = com.zpsss.iOSDemo.test;
				PRODUCT_NAME = "$(TARGET_NAME)";
				PROVISIONING_PROFILE_SPECIFIER = "";
				TARGETED_DEVICE_FAMILY = "1,2";
			};
			name = MyTestDev;
		};
		D48EE16E20DAAF7A00356465 /* Release */ = {
			isa = XCBuildConfiguration;
			buildSettings = {
				APP_DISPLAY_NAME = "";
				ASSETCATALOG_COMPILER_APPICON_NAME = AppIcon;
				"CODE_SIGN_IDENTITY[sdk=iphoneos*]" = "iPhone Developer";
				CODE_SIGN_STYLE = Automatic;
				DEVELOPMENT_TEAM = U23ERTLBUC;
				ENABLE_NS_ASSERTIONS = YES;
				GCC_PREFIX_HEADER = iOSDemo/PrefixHeader.pch;
				INFOPLIST_FILE = "$(SRCROOT)/iOSDemo/iOSDemoiPad-info.plist";
				IPHONEOS_DEPLOYMENT_TARGET = 8.0;
				LD_RUNPATH_SEARCH_PATHS = "$(inherited) @executable_path/Frameworks";
				PRODUCT_BUNDLE_IDENTIFIER = com.zpsss.iOSDemo.test;
				PRODUCT_NAME = "$(TARGET_NAME)";
				PROVISIONING_PROFILE_SPECIFIER = "";
				SKIP_INSTALL = YES;
				TARGETED_DEVICE_FAMILY = "1,2";
			};
			name = Release;
		};
		D4B425B020DA33B400556DE1 /* MyTestDev */ = {
			isa = XCBuildConfiguration;
			buildSettings = {
				ALWAYS_SEARCH_USER_PATHS = NO;
				ASSETCATALOG_COMPILER_APPICON_NAME = DevAppIcon;
				CLANG_ANALYZER_NONNULL = YES;
				CLANG_ANALYZER_NUMBER_OBJECT_CONVERSION = YES_AGGRESSIVE;
				CLANG_CXX_LANGUAGE_STANDARD = "gnu++14";
				CLANG_CXX_LIBRARY = "libc++";
				CLANG_ENABLE_MODULES = YES;
				CLANG_ENABLE_OBJC_ARC = YES;
				CLANG_WARN_BLOCK_CAPTURE_AUTORELEASING = YES;
				CLANG_WARN_BOOL_CONVERSION = YES;
				CLANG_WARN_COMMA = YES;
				CLANG_WARN_CONSTANT_CONVERSION = YES;
				CLANG_WARN_DIRECT_OBJC_ISA_USAGE = YES_ERROR;
				CLANG_WARN_DOCUMENTATION_COMMENTS = YES;
				CLANG_WARN_EMPTY_BODY = YES;
				CLANG_WARN_ENUM_CONVERSION = YES;
				CLANG_WARN_INFINITE_RECURSION = YES;
				CLANG_WARN_INT_CONVERSION = YES;
				CLANG_WARN_NON_LITERAL_NULL_CONVERSION = YES;
				CLANG_WARN_OBJC_LITERAL_CONVERSION = YES;
				CLANG_WARN_OBJC_ROOT_CLASS = YES_ERROR;
				CLANG_WARN_RANGE_LOOP_ANALYSIS = YES;
				CLANG_WARN_STRICT_PROTOTYPES = YES;
				CLANG_WARN_SUSPICIOUS_MOVE = YES;
				CLANG_WARN_UNGUARDED_AVAILABILITY = YES_AGGRESSIVE;
				CLANG_WARN_UNREACHABLE_CODE = YES;
				CLANG_WARN__DUPLICATE_METHOD_MATCH = YES;
				CODE_SIGN_IDENTITY = "iPhone Developer";
				COPY_PHASE_STRIP = NO;
				DEBUG_INFORMATION_FORMAT = dwarf;
				ENABLE_STRICT_OBJC_MSGSEND = YES;
				ENABLE_TESTABILITY = YES;
				GCC_C_LANGUAGE_STANDARD = gnu11;
				GCC_DYNAMIC_NO_PIC = NO;
				GCC_NO_COMMON_BLOCKS = YES;
				GCC_OPTIMIZATION_LEVEL = 0;
				GCC_PREPROCESSOR_DEFINITIONS = (
					"MyTestDev=2",
					"$(inherited)",
				);
				GCC_WARN_64_TO_32_BIT_CONVERSION = YES;
				GCC_WARN_ABOUT_RETURN_TYPE = YES_ERROR;
				GCC_WARN_UNDECLARED_SELECTOR = YES;
				GCC_WARN_UNINITIALIZED_AUTOS = YES_AGGRESSIVE;
				GCC_WARN_UNUSED_FUNCTION = YES;
				GCC_WARN_UNUSED_VARIABLE = YES;
				IPHONEOS_DEPLOYMENT_TARGET = 11.1;
				MTL_ENABLE_DEBUG_INFO = YES;
				ONLY_ACTIVE_ARCH = YES;
				OTHER_LDFLAGS = "";
				SDKROOT = iphoneos;
				USER_HEADER_SEARCH_PATHS = "$(BUILT_PRODUCTS_DIR)";
			};
			name = MyTestDev;
		};
		D4B425B120DA33B400556DE1 /* MyTestDev */ = {
			isa = XCBuildConfiguration;
			buildSettings = {
				ALWAYS_SEARCH_USER_PATHS = YES;
				APP_DISPLAY_NAME = "手机内部测试";
				ASSETCATALOG_COMPILER_APPICON_NAME = AppIconDev;
				"CODE_SIGN_IDENTITY[sdk=iphoneos*]" = "iPhone Developer";
				CODE_SIGN_STYLE = Automatic;
				CONFIGURATION_BUILD_DIR = "$(BUILD_DIR)/$(CONFIGURATION)$(EFFECTIVE_PLATFORM_NAME)";
				DEVELOPMENT_TEAM = U23ERTLBUC;
				ENABLE_BITCODE = NO;
				ENABLE_NS_ASSERTIONS = YES;
				FRAMEWORK_SEARCH_PATHS = "$(BUILD_DIR)/Release-iphoneos/**";
				GCC_PREFIX_HEADER = iOSDemo/PrefixHeader.pch;
				HEADER_SEARCH_PATHS = "$(BUILD_DIR)/Release-iphoneos";
				INFOPLIST_FILE = iOSDemo/Info.plist;
				IPHONEOS_DEPLOYMENT_TARGET = 8.0;
				LD_RUNPATH_SEARCH_PATHS = "$(inherited) @executable_path/Frameworks";
				LIBRARY_SEARCH_PATHS = "$(BUILD_DIR)/Release-iphoneos/**";
				ONLY_ACTIVE_ARCH = YES;
				OTHER_LDFLAGS = "-ObjC";
				PRODUCT_BUNDLE_IDENTIFIER = com.zpsss.iOSDemo;
				PRODUCT_NAME = "$(TARGET_NAME)";
				PROVISIONING_PROFILE_SPECIFIER = "";
				TARGETED_DEVICE_FAMILY = "1,2";
				USER_HEADER_SEARCH_PATHS = "$(BUILD_DIR)/Release-iphoneos/**";
			};
			name = MyTestDev;
		};
		D4B425B220DA33C200556DE1 /* MyTestRelease */ = {
			isa = XCBuildConfiguration;
			buildSettings = {
				ALWAYS_SEARCH_USER_PATHS = NO;
				ASSETCATALOG_COMPILER_APPICON_NAME = AppIcon;
				CLANG_ANALYZER_NONNULL = YES;
				CLANG_ANALYZER_NUMBER_OBJECT_CONVERSION = YES_AGGRESSIVE;
				CLANG_CXX_LANGUAGE_STANDARD = "gnu++14";
				CLANG_CXX_LIBRARY = "libc++";
				CLANG_ENABLE_MODULES = YES;
				CLANG_ENABLE_OBJC_ARC = YES;
				CLANG_WARN_BLOCK_CAPTURE_AUTORELEASING = YES;
				CLANG_WARN_BOOL_CONVERSION = YES;
				CLANG_WARN_COMMA = YES;
				CLANG_WARN_CONSTANT_CONVERSION = YES;
				CLANG_WARN_DIRECT_OBJC_ISA_USAGE = YES_ERROR;
				CLANG_WARN_DOCUMENTATION_COMMENTS = YES;
				CLANG_WARN_EMPTY_BODY = YES;
				CLANG_WARN_ENUM_CONVERSION = YES;
				CLANG_WARN_INFINITE_RECURSION = YES;
				CLANG_WARN_INT_CONVERSION = YES;
				CLANG_WARN_NON_LITERAL_NULL_CONVERSION = YES;
				CLANG_WARN_OBJC_LITERAL_CONVERSION = YES;
				CLANG_WARN_OBJC_ROOT_CLASS = YES_ERROR;
				CLANG_WARN_RANGE_LOOP_ANALYSIS = YES;
				CLANG_WARN_STRICT_PROTOTYPES = YES;
				CLANG_WARN_SUSPICIOUS_MOVE = YES;
				CLANG_WARN_UNGUARDED_AVAILABILITY = YES_AGGRESSIVE;
				CLANG_WARN_UNREACHABLE_CODE = YES;
				CLANG_WARN__DUPLICATE_METHOD_MATCH = YES;
				CODE_SIGN_IDENTITY = "iPhone Developer";
				COPY_PHASE_STRIP = NO;
				DEBUG_INFORMATION_FORMAT = dwarf;
				ENABLE_STRICT_OBJC_MSGSEND = YES;
				ENABLE_TESTABILITY = YES;
				GCC_C_LANGUAGE_STANDARD = gnu11;
				GCC_DYNAMIC_NO_PIC = NO;
				GCC_NO_COMMON_BLOCKS = YES;
				GCC_OPTIMIZATION_LEVEL = 0;
				GCC_PREPROCESSOR_DEFINITIONS = (
					"MyTestRelease=3",
					"$(inherited)",
				);
				GCC_WARN_64_TO_32_BIT_CONVERSION = YES;
				GCC_WARN_ABOUT_RETURN_TYPE = YES_ERROR;
				GCC_WARN_UNDECLARED_SELECTOR = YES;
				GCC_WARN_UNINITIALIZED_AUTOS = YES_AGGRESSIVE;
				GCC_WARN_UNUSED_FUNCTION = YES;
				GCC_WARN_UNUSED_VARIABLE = YES;
				IPHONEOS_DEPLOYMENT_TARGET = 11.1;
				MTL_ENABLE_DEBUG_INFO = YES;
				ONLY_ACTIVE_ARCH = YES;
				OTHER_LDFLAGS = "";
				SDKROOT = iphoneos;
				USER_HEADER_SEARCH_PATHS = "$(BUILT_PRODUCTS_DIR)";
			};
			name = MyTestRelease;
		};
		D4B425B320DA33C200556DE1 /* MyTestRelease */ = {
			isa = XCBuildConfiguration;
			buildSettings = {
				ALWAYS_SEARCH_USER_PATHS = YES;
				APP_DISPLAY_NAME = "手机外部测试";
				ASSETCATALOG_COMPILER_APPICON_NAME = AppIcon;
				"CODE_SIGN_IDENTITY[sdk=iphoneos*]" = "iPhone Developer";
				CODE_SIGN_STYLE = Automatic;
				DEVELOPMENT_TEAM = U23ERTLBUC;
				ENABLE_BITCODE = NO;
				ENABLE_NS_ASSERTIONS = YES;
				FRAMEWORK_SEARCH_PATHS = "$(BUILD_DIR)/Release-iphoneos/**";
				GCC_PREFIX_HEADER = iOSDemo/PrefixHeader.pch;
				HEADER_SEARCH_PATHS = "$(BUILD_DIR)/Release-iphoneos";
				INFOPLIST_FILE = iOSDemo/Info.plist;
				IPHONEOS_DEPLOYMENT_TARGET = 8.0;
				LD_RUNPATH_SEARCH_PATHS = "$(inherited) @executable_path/Frameworks";
				LIBRARY_SEARCH_PATHS = "$(BUILD_DIR)/Release-iphoneos/**";
				ONLY_ACTIVE_ARCH = NO;
				OTHER_LDFLAGS = "-ObjC";
				PRODUCT_BUNDLE_IDENTIFIER = com.zpsss.iOSDemo;
				PRODUCT_NAME = "$(TARGET_NAME)";
				PROVISIONING_PROFILE_SPECIFIER = "";
				TARGETED_DEVICE_FAMILY = "1,2";
				USER_HEADER_SEARCH_PATHS = "$(BUILD_DIR)/Release-iphoneos/**";
			};
			name = MyTestRelease;
		};
/* End XCBuildConfiguration section */

/* Begin XCConfigurationList section */
		D423655420A8231D00FFFD9E /* Build configuration list for PBXProject "iOSDemo" */ = {
			isa = XCConfigurationList;
			buildConfigurations = (
				D423656D20A8231D00FFFD9E /* Debug */,
				D4B425B220DA33C200556DE1 /* MyTestRelease */,
				D4B425B020DA33B400556DE1 /* MyTestDev */,
				D423656E20A8231D00FFFD9E /* Release */,
			);
			defaultConfigurationIsVisible = 0;
			defaultConfigurationName = Debug;
		};
		D423656F20A8231D00FFFD9E /* Build configuration list for PBXNativeTarget "iOSDemoiPhone" */ = {
			isa = XCConfigurationList;
			buildConfigurations = (
				D423657020A8231D00FFFD9E /* Debug */,
				D4B425B320DA33C200556DE1 /* MyTestRelease */,
				D4B425B120DA33B400556DE1 /* MyTestDev */,
				D423657120A8231D00FFFD9E /* Release */,
			);
			defaultConfigurationIsVisible = 0;
			defaultConfigurationName = Debug;
		};
		D43D1C0520E35F0B00B776D6 /* Build configuration list for PBXNativeTarget "iphoneTestRelease" */ = {
			isa = XCConfigurationList;
			buildConfigurations = (
				D43D1C0620E35F0B00B776D6 /* Debug */,
				D43D1C0720E35F0B00B776D6 /* MyTestRelease */,
				D43D1C0820E35F0B00B776D6 /* MyTestDev */,
				D43D1C0920E35F0B00B776D6 /* Release */,
			);
			defaultConfigurationIsVisible = 0;
			defaultConfigurationName = Debug;
		};
		D48EE16A20DAAF7A00356465 /* Build configuration list for PBXNativeTarget "iOSDemoiPad" */ = {
			isa = XCConfigurationList;
			buildConfigurations = (
				D48EE16B20DAAF7A00356465 /* Debug */,
				D48EE16C20DAAF7A00356465 /* MyTestRelease */,
				D48EE16D20DAAF7A00356465 /* MyTestDev */,
				D48EE16E20DAAF7A00356465 /* Release */,
			);
			defaultConfigurationIsVisible = 0;
			defaultConfigurationName = Debug;
		};
/* End XCConfigurationList section */
	};
	rootObject = D423655120A8231D00FFFD9E /* Project object */;
}
